// !$*UTF8*$!
{
	archiveVersion = 1;
	classes = {
	};
	objectVersion = 50;
	objects = {

/* Begin PBXBuildFile section */
		2658A3A228D8CD1A00366538 /* AppDelegate.swift in Sources */ = {isa = PBXBuildFile; fileRef = 2658A3A128D8CD1A00366538 /* AppDelegate.swift */; };
		2658A3A428D8CD1A00366538 /* SceneDelegate.swift in Sources */ = {isa = PBXBuildFile; fileRef = 2658A3A328D8CD1A00366538 /* SceneDelegate.swift */; };
		2658A3A628D8CD1A00366538 /* ViewController.swift in Sources */ = {isa = PBXBuildFile; fileRef = 2658A3A528D8CD1A00366538 /* ViewController.swift */; };
		2658A3A928D8CD1A00366538 /* Main.storyboard in Resources */ = {isa = PBXBuildFile; fileRef = 2658A3A728D8CD1A00366538 /* Main.storyboard */; };
		2658A3AB28D8CD1C00366538 /* Assets.xcassets in Resources */ = {isa = PBXBuildFile; fileRef = 2658A3AA28D8CD1C00366538 /* Assets.xcassets */; };
		2658A3AE28D8CD1C00366538 /* LaunchScreen.storyboard in Resources */ = {isa = PBXBuildFile; fileRef = 2658A3AC28D8CD1C00366538 /* LaunchScreen.storyboard */; };
		2658A3D928D8CF8600366538 /* CurrencyApplicationTests.swift in Sources */ = {isa = PBXBuildFile; fileRef = 2658A3D828D8CF8600366538 /* CurrencyApplicationTests.swift */; };
		2658A54B28D9A45100366538 /* ReachabilityProtocol.swift in Sources */ = {isa = PBXBuildFile; fileRef = 2658A54A28D9A45100366538 /* ReachabilityProtocol.swift */; };
		2658A54D28D9A45F00366538 /* Reachability.swift in Sources */ = {isa = PBXBuildFile; fileRef = 2658A54C28D9A45F00366538 /* Reachability.swift */; };
		2658A54F28D9A46800366538 /* NetworkReachability.swift in Sources */ = {isa = PBXBuildFile; fileRef = 2658A54E28D9A46800366538 /* NetworkReachability.swift */; };
		2658A55128D9A61000366538 /* HTTPMethod.swift in Sources */ = {isa = PBXBuildFile; fileRef = 2658A55028D9A61000366538 /* HTTPMethod.swift */; };
		2658A55328D9A64800366538 /* HTTPStatus.swift in Sources */ = {isa = PBXBuildFile; fileRef = 2658A55228D9A64800366538 /* HTTPStatus.swift */; };
		2658A55528D9A79E00366538 /* HTTPParameterEncoding.swift in Sources */ = {isa = PBXBuildFile; fileRef = 2658A55428D9A79E00366538 /* HTTPParameterEncoding.swift */; };
		2658A55728D9A7B900366538 /* JSONEncoder.swift in Sources */ = {isa = PBXBuildFile; fileRef = 2658A55628D9A7B900366538 /* JSONEncoder.swift */; };
		2658A55928D9A7C800366538 /* URLEncoder.swift in Sources */ = {isa = PBXBuildFile; fileRef = 2658A55828D9A7C800366538 /* URLEncoder.swift */; };
		2658A55B28D9A7D800366538 /* EncoderProtocol.swift in Sources */ = {isa = PBXBuildFile; fileRef = 2658A55A28D9A7D800366538 /* EncoderProtocol.swift */; };
		2658A55D28D9AAFF00366538 /* EndpointProtocol.swift in Sources */ = {isa = PBXBuildFile; fileRef = 2658A55C28D9AAFF00366538 /* EndpointProtocol.swift */; };
		2658A55F28D9AB6300366538 /* HTTPTask.swift in Sources */ = {isa = PBXBuildFile; fileRef = 2658A55E28D9AB6300366538 /* HTTPTask.swift */; };
		2658A56128D9AC1C00366538 /* NetworkLogger.swift in Sources */ = {isa = PBXBuildFile; fileRef = 2658A56028D9AC1C00366538 /* NetworkLogger.swift */; };
		2658A56328D9AC7B00366538 /* NetworkErrors.swift in Sources */ = {isa = PBXBuildFile; fileRef = 2658A56228D9AC7B00366538 /* NetworkErrors.swift */; };
		2658A56928D9B1C600366538 /* Utils.swift in Sources */ = {isa = PBXBuildFile; fileRef = 2658A56828D9B1C600366538 /* Utils.swift */; };
		2658A56B28D9B21C00366538 /* Constants.swift in Sources */ = {isa = PBXBuildFile; fileRef = 2658A56A28D9B21C00366538 /* Constants.swift */; };
		2658A56D28D9B38E00366538 /* CurrencyEndpoint.swift in Sources */ = {isa = PBXBuildFile; fileRef = 2658A56C28D9B38E00366538 /* CurrencyEndpoint.swift */; };
		2658A56F28D9B39A00366538 /* RequestConfig.swift in Sources */ = {isa = PBXBuildFile; fileRef = 2658A56E28D9B39A00366538 /* RequestConfig.swift */; };
		2658A57128D9B43E00366538 /* URL.swift in Sources */ = {isa = PBXBuildFile; fileRef = 2658A57028D9B43E00366538 /* URL.swift */; };
		5D5564DE2E44AAC4958961FA /* Pods_CurrencyApplicationTests.framework in Frameworks */ = {isa = PBXBuildFile; fileRef = A368C88461BF37597BF52949 /* Pods_CurrencyApplicationTests.framework */; };
		7D6DBE296A2D264C895110C6 /* Pods_CurrencyApplication.framework in Frameworks */ = {isa = PBXBuildFile; fileRef = B16A14F9862155656CA60FF1 /* Pods_CurrencyApplication.framework */; };
/* End PBXBuildFile section */

/* Begin PBXContainerItemProxy section */
		2658A3DB28D8CF8600366538 /* PBXContainerItemProxy */ = {
			isa = PBXContainerItemProxy;
			containerPortal = 2658A39628D8CD1A00366538 /* Project object */;
			proxyType = 1;
			remoteGlobalIDString = 2658A39D28D8CD1A00366538;
			remoteInfo = CurrencyApplication;
		};
/* End PBXContainerItemProxy section */

/* Begin PBXFileReference section */
		2658A39E28D8CD1A00366538 /* CurrencyApplication.app */ = {isa = PBXFileReference; explicitFileType = wrapper.application; includeInIndex = 0; path = CurrencyApplication.app; sourceTree = BUILT_PRODUCTS_DIR; };
		2658A3A128D8CD1A00366538 /* AppDelegate.swift */ = {isa = PBXFileReference; lastKnownFileType = sourcecode.swift; path = AppDelegate.swift; sourceTree = "<group>"; };
		2658A3A328D8CD1A00366538 /* SceneDelegate.swift */ = {isa = PBXFileReference; lastKnownFileType = sourcecode.swift; path = SceneDelegate.swift; sourceTree = "<group>"; };
		2658A3A528D8CD1A00366538 /* ViewController.swift */ = {isa = PBXFileReference; lastKnownFileType = sourcecode.swift; path = ViewController.swift; sourceTree = "<group>"; };
		2658A3A828D8CD1A00366538 /* Base */ = {isa = PBXFileReference; lastKnownFileType = file.storyboard; name = Base; path = Base.lproj/Main.storyboard; sourceTree = "<group>"; };
		2658A3AA28D8CD1C00366538 /* Assets.xcassets */ = {isa = PBXFileReference; lastKnownFileType = folder.assetcatalog; path = Assets.xcassets; sourceTree = "<group>"; };
		2658A3AD28D8CD1C00366538 /* Base */ = {isa = PBXFileReference; lastKnownFileType = file.storyboard; name = Base; path = Base.lproj/LaunchScreen.storyboard; sourceTree = "<group>"; };
		2658A3AF28D8CD1C00366538 /* Info.plist */ = {isa = PBXFileReference; lastKnownFileType = text.plist.xml; path = Info.plist; sourceTree = "<group>"; };
		2658A3D628D8CF8600366538 /* CurrencyApplicationTests.xctest */ = {isa = PBXFileReference; explicitFileType = wrapper.cfbundle; includeInIndex = 0; path = CurrencyApplicationTests.xctest; sourceTree = BUILT_PRODUCTS_DIR; };
		2658A3D828D8CF8600366538 /* CurrencyApplicationTests.swift */ = {isa = PBXFileReference; lastKnownFileType = sourcecode.swift; path = CurrencyApplicationTests.swift; sourceTree = "<group>"; };
		2658A3DA28D8CF8600366538 /* Info.plist */ = {isa = PBXFileReference; lastKnownFileType = text.plist.xml; path = Info.plist; sourceTree = "<group>"; };
		2658A54A28D9A45100366538 /* ReachabilityProtocol.swift */ = {isa = PBXFileReference; lastKnownFileType = sourcecode.swift; path = ReachabilityProtocol.swift; sourceTree = "<group>"; };
		2658A54C28D9A45F00366538 /* Reachability.swift */ = {isa = PBXFileReference; lastKnownFileType = sourcecode.swift; path = Reachability.swift; sourceTree = "<group>"; };
		2658A54E28D9A46800366538 /* NetworkReachability.swift */ = {isa = PBXFileReference; lastKnownFileType = sourcecode.swift; path = NetworkReachability.swift; sourceTree = "<group>"; };
		2658A55028D9A61000366538 /* HTTPMethod.swift */ = {isa = PBXFileReference; lastKnownFileType = sourcecode.swift; path = HTTPMethod.swift; sourceTree = "<group>"; };
		2658A55228D9A64800366538 /* HTTPStatus.swift */ = {isa = PBXFileReference; lastKnownFileType = sourcecode.swift; path = HTTPStatus.swift; sourceTree = "<group>"; };
		2658A55428D9A79E00366538 /* HTTPParameterEncoding.swift */ = {isa = PBXFileReference; lastKnownFileType = sourcecode.swift; path = HTTPParameterEncoding.swift; sourceTree = "<group>"; };
		2658A55628D9A7B900366538 /* JSONEncoder.swift */ = {isa = PBXFileReference; lastKnownFileType = sourcecode.swift; path = JSONEncoder.swift; sourceTree = "<group>"; };
		2658A55828D9A7C800366538 /* URLEncoder.swift */ = {isa = PBXFileReference; lastKnownFileType = sourcecode.swift; path = URLEncoder.swift; sourceTree = "<group>"; };
		2658A55A28D9A7D800366538 /* EncoderProtocol.swift */ = {isa = PBXFileReference; lastKnownFileType = sourcecode.swift; path = EncoderProtocol.swift; sourceTree = "<group>"; };
		2658A55C28D9AAFF00366538 /* EndpointProtocol.swift */ = {isa = PBXFileReference; lastKnownFileType = sourcecode.swift; path = EndpointProtocol.swift; sourceTree = "<group>"; };
		2658A55E28D9AB6300366538 /* HTTPTask.swift */ = {isa = PBXFileReference; lastKnownFileType = sourcecode.swift; path = HTTPTask.swift; sourceTree = "<group>"; };
		2658A56028D9AC1C00366538 /* NetworkLogger.swift */ = {isa = PBXFileReference; lastKnownFileType = sourcecode.swift; path = NetworkLogger.swift; sourceTree = "<group>"; };
		2658A56228D9AC7B00366538 /* NetworkErrors.swift */ = {isa = PBXFileReference; lastKnownFileType = sourcecode.swift; path = NetworkErrors.swift; sourceTree = "<group>"; };
		2658A56828D9B1C600366538 /* Utils.swift */ = {isa = PBXFileReference; lastKnownFileType = sourcecode.swift; path = Utils.swift; sourceTree = "<group>"; };
		2658A56A28D9B21C00366538 /* Constants.swift */ = {isa = PBXFileReference; lastKnownFileType = sourcecode.swift; path = Constants.swift; sourceTree = "<group>"; };
		2658A56C28D9B38E00366538 /* CurrencyEndpoint.swift */ = {isa = PBXFileReference; fileEncoding = 4; lastKnownFileType = sourcecode.swift; path = CurrencyEndpoint.swift; sourceTree = "<group>"; };
		2658A56E28D9B39A00366538 /* RequestConfig.swift */ = {isa = PBXFileReference; fileEncoding = 4; lastKnownFileType = sourcecode.swift; path = RequestConfig.swift; sourceTree = "<group>"; };
		2658A57028D9B43E00366538 /* URL.swift */ = {isa = PBXFileReference; lastKnownFileType = sourcecode.swift; path = URL.swift; sourceTree = "<group>"; };
		281F77C3BC91EF517EEAEEFB /* Pods-CurrencyApplication.debug.xcconfig */ = {isa = PBXFileReference; includeInIndex = 1; lastKnownFileType = text.xcconfig; name = "Pods-CurrencyApplication.debug.xcconfig"; path = "Target Support Files/Pods-CurrencyApplication/Pods-CurrencyApplication.debug.xcconfig"; sourceTree = "<group>"; };
		37CDFE795CC5A691F548A1E7 /* Pods-CurrencyApplication.release.xcconfig */ = {isa = PBXFileReference; includeInIndex = 1; lastKnownFileType = text.xcconfig; name = "Pods-CurrencyApplication.release.xcconfig"; path = "Target Support Files/Pods-CurrencyApplication/Pods-CurrencyApplication.release.xcconfig"; sourceTree = "<group>"; };
		770B336AD0F4399FCFEF4907 /* Pods-CurrencyApplicationTests.debug.xcconfig */ = {isa = PBXFileReference; includeInIndex = 1; lastKnownFileType = text.xcconfig; name = "Pods-CurrencyApplicationTests.debug.xcconfig"; path = "Target Support Files/Pods-CurrencyApplicationTests/Pods-CurrencyApplicationTests.debug.xcconfig"; sourceTree = "<group>"; };
		A368C88461BF37597BF52949 /* Pods_CurrencyApplicationTests.framework */ = {isa = PBXFileReference; explicitFileType = wrapper.framework; includeInIndex = 0; path = Pods_CurrencyApplicationTests.framework; sourceTree = BUILT_PRODUCTS_DIR; };
		B16A14F9862155656CA60FF1 /* Pods_CurrencyApplication.framework */ = {isa = PBXFileReference; explicitFileType = wrapper.framework; includeInIndex = 0; path = Pods_CurrencyApplication.framework; sourceTree = BUILT_PRODUCTS_DIR; };
		EA4510ED6685A57FB5356A35 /* Pods-CurrencyApplicationTests.release.xcconfig */ = {isa = PBXFileReference; includeInIndex = 1; lastKnownFileType = text.xcconfig; name = "Pods-CurrencyApplicationTests.release.xcconfig"; path = "Target Support Files/Pods-CurrencyApplicationTests/Pods-CurrencyApplicationTests.release.xcconfig"; sourceTree = "<group>"; };
/* End PBXFileReference section */

/* Begin PBXFrameworksBuildPhase section */
		2658A39B28D8CD1A00366538 /* Frameworks */ = {
			isa = PBXFrameworksBuildPhase;
			buildActionMask = 2147483647;
			files = (
				7D6DBE296A2D264C895110C6 /* Pods_CurrencyApplication.framework in Frameworks */,
			);
			runOnlyForDeploymentPostprocessing = 0;
		};
		2658A3D328D8CF8600366538 /* Frameworks */ = {
			isa = PBXFrameworksBuildPhase;
			buildActionMask = 2147483647;
			files = (
				5D5564DE2E44AAC4958961FA /* Pods_CurrencyApplicationTests.framework in Frameworks */,
			);
			runOnlyForDeploymentPostprocessing = 0;
		};
/* End PBXFrameworksBuildPhase section */

/* Begin PBXGroup section */
		13A7357489BBC1428D1DC227 /* Pods */ = {
			isa = PBXGroup;
			children = (
				281F77C3BC91EF517EEAEEFB /* Pods-CurrencyApplication.debug.xcconfig */,
				37CDFE795CC5A691F548A1E7 /* Pods-CurrencyApplication.release.xcconfig */,
				770B336AD0F4399FCFEF4907 /* Pods-CurrencyApplicationTests.debug.xcconfig */,
				EA4510ED6685A57FB5356A35 /* Pods-CurrencyApplicationTests.release.xcconfig */,
			);
			path = Pods;
			sourceTree = "<group>";
		};
		2658A39528D8CD1A00366538 = {
			isa = PBXGroup;
			children = (
				2658A3A028D8CD1A00366538 /* CurrencyApplication */,
				2658A3D728D8CF8600366538 /* CurrencyApplicationTests */,
				2658A39F28D8CD1A00366538 /* Products */,
				13A7357489BBC1428D1DC227 /* Pods */,
				B85416B8096DA5141B180560 /* Frameworks */,
			);
			sourceTree = "<group>";
		};
		2658A39F28D8CD1A00366538 /* Products */ = {
			isa = PBXGroup;
			children = (
				2658A39E28D8CD1A00366538 /* CurrencyApplication.app */,
				2658A3D628D8CF8600366538 /* CurrencyApplicationTests.xctest */,
			);
			name = Products;
			sourceTree = "<group>";
		};
		2658A3A028D8CD1A00366538 /* CurrencyApplication */ = {
			isa = PBXGroup;
			children = (
				2658A3E828D8EBB800366538 /* Common */,
				2658A3E728D8EBB800366538 /* Config */,
				2658A3E928D8EBB800366538 /* Extension */,
				2658A3E628D8EBB800366538 /* Network */,
				2658A3E528D8EBB800366538 /* Resources */,
				2658A54428D9A10200366538 /* CurrencyConverter */,
				2658A3A328D8CD1A00366538 /* SceneDelegate.swift */,
				2658A3A528D8CD1A00366538 /* ViewController.swift */,
				2658A3AF28D8CD1C00366538 /* Info.plist */,
			);
			path = CurrencyApplication;
			sourceTree = "<group>";
		};
		2658A3D728D8CF8600366538 /* CurrencyApplicationTests */ = {
			isa = PBXGroup;
			children = (
				2658A3D828D8CF8600366538 /* CurrencyApplicationTests.swift */,
				2658A3DA28D8CF8600366538 /* Info.plist */,
			);
			path = CurrencyApplicationTests;
			sourceTree = "<group>";
		};
		2658A3E528D8EBB800366538 /* Resources */ = {
			isa = PBXGroup;
			children = (
				2658A3A728D8CD1A00366538 /* Main.storyboard */,
				2658A3AA28D8CD1C00366538 /* Assets.xcassets */,
				2658A3AC28D8CD1C00366538 /* LaunchScreen.storyboard */,
			);
			path = Resources;
			sourceTree = "<group>";
		};
		2658A3E628D8EBB800366538 /* Network */ = {
			isa = PBXGroup;
			children = (
				2658A54928D9A43A00366538 /* Reachability */,
				2658A54628D9A3C600366538 /* Services */,
				2658A54728D9A3C600366538 /* Encoding */,
				2658A54528D9A3C600366538 /* Endpoints */,
				2658A54828D9A3C700366538 /* Request */,
			);
			path = Network;
			sourceTree = "<group>";
		};
		2658A3E728D8EBB800366538 /* Config */ = {
			isa = PBXGroup;
			children = (
				2658A3A128D8CD1A00366538 /* AppDelegate.swift */,
			);
			path = Config;
			sourceTree = "<group>";
		};
		2658A3E828D8EBB800366538 /* Common */ = {
			isa = PBXGroup;
			children = (
				2658A56828D9B1C600366538 /* Utils.swift */,
				2658A56A28D9B21C00366538 /* Constants.swift */,
			);
			path = Common;
			sourceTree = "<group>";
		};
		2658A3E928D8EBB800366538 /* Extension */ = {
			isa = PBXGroup;
			children = (
				2658A57028D9B43E00366538 /* URL.swift */,
			);
			path = Extension;
			sourceTree = "<group>";
		};
		2658A54428D9A10200366538 /* CurrencyConverter */ = {
			isa = PBXGroup;
			children = (
			);
			path = CurrencyConverter;
			sourceTree = "<group>";
		};
		2658A54528D9A3C600366538 /* Endpoints */ = {
			isa = PBXGroup;
			children = (
				2658A56C28D9B38E00366538 /* CurrencyEndpoint.swift */,
			);
			path = Endpoints;
			sourceTree = "<group>";
		};
		2658A54628D9A3C600366538 /* Services */ = {
			isa = PBXGroup;
			children = (
			);
			path = Services;
			sourceTree = "<group>";
		};
		2658A54728D9A3C600366538 /* Encoding */ = {
			isa = PBXGroup;
			children = (
				2658A55428D9A79E00366538 /* HTTPParameterEncoding.swift */,
				2658A55628D9A7B900366538 /* JSONEncoder.swift */,
				2658A55828D9A7C800366538 /* URLEncoder.swift */,
				2658A55A28D9A7D800366538 /* EncoderProtocol.swift */,
			);
			path = Encoding;
			sourceTree = "<group>";
		};
		2658A54828D9A3C700366538 /* Request */ = {
			isa = PBXGroup;
			children = (
				2658A56E28D9B39A00366538 /* RequestConfig.swift */,
				2658A55028D9A61000366538 /* HTTPMethod.swift */,
				2658A55228D9A64800366538 /* HTTPStatus.swift */,
				2658A55C28D9AAFF00366538 /* EndpointProtocol.swift */,
				2658A55E28D9AB6300366538 /* HTTPTask.swift */,
				2658A56028D9AC1C00366538 /* NetworkLogger.swift */,
				2658A56228D9AC7B00366538 /* NetworkErrors.swift */,
			);
			path = Request;
			sourceTree = "<group>";
		};
		2658A54928D9A43A00366538 /* Reachability */ = {
			isa = PBXGroup;
			children = (
				2658A54A28D9A45100366538 /* ReachabilityProtocol.swift */,
				2658A54C28D9A45F00366538 /* Reachability.swift */,
				2658A54E28D9A46800366538 /* NetworkReachability.swift */,
			);
			path = Reachability;
			sourceTree = "<group>";
		};
		B85416B8096DA5141B180560 /* Frameworks */ = {
			isa = PBXGroup;
			children = (
				B16A14F9862155656CA60FF1 /* Pods_CurrencyApplication.framework */,
				A368C88461BF37597BF52949 /* Pods_CurrencyApplicationTests.framework */,
			);
			name = Frameworks;
			sourceTree = "<group>";
		};
/* End PBXGroup section */

/* Begin PBXNativeTarget section */
		2658A39D28D8CD1A00366538 /* CurrencyApplication */ = {
			isa = PBXNativeTarget;
			buildConfigurationList = 2658A3C828D8CD1C00366538 /* Build configuration list for PBXNativeTarget "CurrencyApplication" */;
			buildPhases = (
				D606EAB17ED4B2C6651407D7 /* [CP] Check Pods Manifest.lock */,
				2658A39A28D8CD1A00366538 /* Sources */,
				2658A39B28D8CD1A00366538 /* Frameworks */,
				2658A39C28D8CD1A00366538 /* Resources */,
			);
			buildRules = (
			);
			dependencies = (
			);
			name = CurrencyApplication;
			productName = CurrencyApplication;
			productReference = 2658A39E28D8CD1A00366538 /* CurrencyApplication.app */;
			productType = "com.apple.product-type.application";
		};
		2658A3D528D8CF8600366538 /* CurrencyApplicationTests */ = {
			isa = PBXNativeTarget;
			buildConfigurationList = 2658A3DD28D8CF8600366538 /* Build configuration list for PBXNativeTarget "CurrencyApplicationTests" */;
			buildPhases = (
				75926688CF4F3852ED154066 /* [CP] Check Pods Manifest.lock */,
				2658A3D228D8CF8600366538 /* Sources */,
				2658A3D328D8CF8600366538 /* Frameworks */,
				2658A3D428D8CF8600366538 /* Resources */,
			);
			buildRules = (
			);
			dependencies = (
				2658A3DC28D8CF8600366538 /* PBXTargetDependency */,
			);
			name = CurrencyApplicationTests;
			productName = CurrencyApplicationTests;
			productReference = 2658A3D628D8CF8600366538 /* CurrencyApplicationTests.xctest */;
			productType = "com.apple.product-type.bundle.unit-test";
		};
/* End PBXNativeTarget section */

/* Begin PBXProject section */
		2658A39628D8CD1A00366538 /* Project object */ = {
			isa = PBXProject;
			attributes = {
				LastSwiftUpdateCheck = 1130;
				LastUpgradeCheck = 1130;
				ORGANIZATIONNAME = "Manish Pathak";
				TargetAttributes = {
					2658A39D28D8CD1A00366538 = {
						CreatedOnToolsVersion = 11.3.1;
					};
					2658A3D528D8CF8600366538 = {
						CreatedOnToolsVersion = 11.3.1;
						TestTargetID = 2658A39D28D8CD1A00366538;
					};
				};
			};
			buildConfigurationList = 2658A39928D8CD1A00366538 /* Build configuration list for PBXProject "CurrencyApplication" */;
			compatibilityVersion = "Xcode 9.3";
			developmentRegion = en;
			hasScannedForEncodings = 0;
			knownRegions = (
				en,
				Base,
			);
			mainGroup = 2658A39528D8CD1A00366538;
			productRefGroup = 2658A39F28D8CD1A00366538 /* Products */;
			projectDirPath = "";
			projectRoot = "";
			targets = (
				2658A39D28D8CD1A00366538 /* CurrencyApplication */,
				2658A3D528D8CF8600366538 /* CurrencyApplicationTests */,
			);
		};
/* End PBXProject section */

/* Begin PBXResourcesBuildPhase section */
		2658A39C28D8CD1A00366538 /* Resources */ = {
			isa = PBXResourcesBuildPhase;
			buildActionMask = 2147483647;
			files = (
				2658A3AE28D8CD1C00366538 /* LaunchScreen.storyboard in Resources */,
				2658A3AB28D8CD1C00366538 /* Assets.xcassets in Resources */,
				2658A3A928D8CD1A00366538 /* Main.storyboard in Resources */,
			);
			runOnlyForDeploymentPostprocessing = 0;
		};
		2658A3D428D8CF8600366538 /* Resources */ = {
			isa = PBXResourcesBuildPhase;
			buildActionMask = 2147483647;
			files = (
			);
			runOnlyForDeploymentPostprocessing = 0;
		};
/* End PBXResourcesBuildPhase section */

/* Begin PBXShellScriptBuildPhase section */
		75926688CF4F3852ED154066 /* [CP] Check Pods Manifest.lock */ = {
			isa = PBXShellScriptBuildPhase;
			buildActionMask = 2147483647;
			files = (
			);
			inputFileListPaths = (
			);
			inputPaths = (
				"${PODS_PODFILE_DIR_PATH}/Podfile.lock",
				"${PODS_ROOT}/Manifest.lock",
			);
			name = "[CP] Check Pods Manifest.lock";
			outputFileListPaths = (
			);
			outputPaths = (
				"$(DERIVED_FILE_DIR)/Pods-CurrencyApplicationTests-checkManifestLockResult.txt",
			);
			runOnlyForDeploymentPostprocessing = 0;
			shellPath = /bin/sh;
			shellScript = "diff \"${PODS_PODFILE_DIR_PATH}/Podfile.lock\" \"${PODS_ROOT}/Manifest.lock\" > /dev/null\nif [ $? != 0 ] ; then\n    # print error to STDERR\n    echo \"error: The sandbox is not in sync with the Podfile.lock. Run 'pod install' or update your CocoaPods installation.\" >&2\n    exit 1\nfi\n# This output is used by Xcode 'outputs' to avoid re-running this script phase.\necho \"SUCCESS\" > \"${SCRIPT_OUTPUT_FILE_0}\"\n";
			showEnvVarsInLog = 0;
		};
		D606EAB17ED4B2C6651407D7 /* [CP] Check Pods Manifest.lock */ = {
			isa = PBXShellScriptBuildPhase;
			buildActionMask = 2147483647;
			files = (
			);
			inputFileListPaths = (
			);
			inputPaths = (
				"${PODS_PODFILE_DIR_PATH}/Podfile.lock",
				"${PODS_ROOT}/Manifest.lock",
			);
			name = "[CP] Check Pods Manifest.lock";
			outputFileListPaths = (
			);
			outputPaths = (
				"$(DERIVED_FILE_DIR)/Pods-CurrencyApplication-checkManifestLockResult.txt",
			);
			runOnlyForDeploymentPostprocessing = 0;
			shellPath = /bin/sh;
			shellScript = "diff \"${PODS_PODFILE_DIR_PATH}/Podfile.lock\" \"${PODS_ROOT}/Manifest.lock\" > /dev/null\nif [ $? != 0 ] ; then\n    # print error to STDERR\n    echo \"error: The sandbox is not in sync with the Podfile.lock. Run 'pod install' or update your CocoaPods installation.\" >&2\n    exit 1\nfi\n# This output is used by Xcode 'outputs' to avoid re-running this script phase.\necho \"SUCCESS\" > \"${SCRIPT_OUTPUT_FILE_0}\"\n";
			showEnvVarsInLog = 0;
		};
/* End PBXShellScriptBuildPhase section */

/* Begin PBXSourcesBuildPhase section */
		2658A39A28D8CD1A00366538 /* Sources */ = {
			isa = PBXSourcesBuildPhase;
			buildActionMask = 2147483647;
			files = (
				2658A56128D9AC1C00366538 /* NetworkLogger.swift in Sources */,
				2658A55F28D9AB6300366538 /* HTTPTask.swift in Sources */,
				2658A56D28D9B38E00366538 /* CurrencyEndpoint.swift in Sources */,
				2658A55728D9A7B900366538 /* JSONEncoder.swift in Sources */,
				2658A55528D9A79E00366538 /* HTTPParameterEncoding.swift in Sources */,
				2658A56F28D9B39A00366538 /* RequestConfig.swift in Sources */,
				2658A55D28D9AAFF00366538 /* EndpointProtocol.swift in Sources */,
				2658A56328D9AC7B00366538 /* NetworkErrors.swift in Sources */,
				2658A55B28D9A7D800366538 /* EncoderProtocol.swift in Sources */,
				2658A54B28D9A45100366538 /* ReachabilityProtocol.swift in Sources */,
				2658A3A628D8CD1A00366538 /* ViewController.swift in Sources */,
				2658A3A228D8CD1A00366538 /* AppDelegate.swift in Sources */,
				2658A54D28D9A45F00366538 /* Reachability.swift in Sources */,
				2658A3A428D8CD1A00366538 /* SceneDelegate.swift in Sources */,
				2658A55928D9A7C800366538 /* URLEncoder.swift in Sources */,
				2658A54F28D9A46800366538 /* NetworkReachability.swift in Sources */,
				2658A56B28D9B21C00366538 /* Constants.swift in Sources */,
				2658A57128D9B43E00366538 /* URL.swift in Sources */,
				2658A55128D9A61000366538 /* HTTPMethod.swift in Sources */,
				2658A55328D9A64800366538 /* HTTPStatus.swift in Sources */,
				2658A56928D9B1C600366538 /* Utils.swift in Sources */,
			);
			runOnlyForDeploymentPostprocessing = 0;
		};
		2658A3D228D8CF8600366538 /* Sources */ = {
			isa = PBXSourcesBuildPhase;
			buildActionMask = 2147483647;
			files = (
				2658A3D928D8CF8600366538 /* CurrencyApplicationTests.swift in Sources */,
			);
			runOnlyForDeploymentPostprocessing = 0;
		};
/* End PBXSourcesBuildPhase section */

/* Begin PBXTargetDependency section */
		2658A3DC28D8CF8600366538 /* PBXTargetDependency */ = {
			isa = PBXTargetDependency;
			target = 2658A39D28D8CD1A00366538 /* CurrencyApplication */;
			targetProxy = 2658A3DB28D8CF8600366538 /* PBXContainerItemProxy */;
		};
/* End PBXTargetDependency section */

/* Begin PBXVariantGroup section */
		2658A3A728D8CD1A00366538 /* Main.storyboard */ = {
			isa = PBXVariantGroup;
			children = (
				2658A3A828D8CD1A00366538 /* Base */,
			);
			name = Main.storyboard;
			sourceTree = "<group>";
		};
		2658A3AC28D8CD1C00366538 /* LaunchScreen.storyboard */ = {
			isa = PBXVariantGroup;
			children = (
				2658A3AD28D8CD1C00366538 /* Base */,
			);
			name = LaunchScreen.storyboard;
			sourceTree = "<group>";
		};
/* End PBXVariantGroup section */

/* Begin XCBuildConfiguration section */
		2658A3C628D8CD1C00366538 /* Debug */ = {
			isa = XCBuildConfiguration;
			buildSettings = {
				ALWAYS_SEARCH_USER_PATHS = NO;
				CLANG_ANALYZER_NONNULL = YES;
				CLANG_ANALYZER_NUMBER_OBJECT_CONVERSION = YES_AGGRESSIVE;
				CLANG_CXX_LANGUAGE_STANDARD = "gnu++14";
				CLANG_CXX_LIBRARY = "libc++";
				CLANG_ENABLE_MODULES = YES;
				CLANG_ENABLE_OBJC_ARC = YES;
				CLANG_ENABLE_OBJC_WEAK = YES;
				CLANG_WARN_BLOCK_CAPTURE_AUTORELEASING = YES;
				CLANG_WARN_BOOL_CONVERSION = YES;
				CLANG_WARN_COMMA = YES;
				CLANG_WARN_CONSTANT_CONVERSION = YES;
				CLANG_WARN_DEPRECATED_OBJC_IMPLEMENTATIONS = YES;
				CLANG_WARN_DIRECT_OBJC_ISA_USAGE = YES_ERROR;
				CLANG_WARN_DOCUMENTATION_COMMENTS = YES;
				CLANG_WARN_EMPTY_BODY = YES;
				CLANG_WARN_ENUM_CONVERSION = YES;
				CLANG_WARN_INFINITE_RECURSION = YES;
				CLANG_WARN_INT_CONVERSION = YES;
				CLANG_WARN_NON_LITERAL_NULL_CONVERSION = YES;
				CLANG_WARN_OBJC_IMPLICIT_RETAIN_SELF = YES;
				CLANG_WARN_OBJC_LITERAL_CONVERSION = YES;
				CLANG_WARN_OBJC_ROOT_CLASS = YES_ERROR;
				CLANG_WARN_RANGE_LOOP_ANALYSIS = YES;
				CLANG_WARN_STRICT_PROTOTYPES = YES;
				CLANG_WARN_SUSPICIOUS_MOVE = YES;
				CLANG_WARN_UNGUARDED_AVAILABILITY = YES_AGGRESSIVE;
				CLANG_WARN_UNREACHABLE_CODE = YES;
				CLANG_WARN__DUPLICATE_METHOD_MATCH = YES;
				COPY_PHASE_STRIP = NO;
				DEBUG_INFORMATION_FORMAT = dwarf;
				ENABLE_STRICT_OBJC_MSGSEND = YES;
				ENABLE_TESTABILITY = YES;
				GCC_C_LANGUAGE_STANDARD = gnu11;
				GCC_DYNAMIC_NO_PIC = NO;
				GCC_NO_COMMON_BLOCKS = YES;
				GCC_OPTIMIZATION_LEVEL = 0;
				GCC_PREPROCESSOR_DEFINITIONS = (
					"DEBUG=1",
					"$(inherited)",
				);
				GCC_WARN_64_TO_32_BIT_CONVERSION = YES;
				GCC_WARN_ABOUT_RETURN_TYPE = YES_ERROR;
				GCC_WARN_UNDECLARED_SELECTOR = YES;
				GCC_WARN_UNINITIALIZED_AUTOS = YES_AGGRESSIVE;
				GCC_WARN_UNUSED_FUNCTION = YES;
				GCC_WARN_UNUSED_VARIABLE = YES;
				IPHONEOS_DEPLOYMENT_TARGET = 13.2;
				MTL_ENABLE_DEBUG_INFO = INCLUDE_SOURCE;
				MTL_FAST_MATH = YES;
				ONLY_ACTIVE_ARCH = YES;
				SDKROOT = iphoneos;
				SWIFT_ACTIVE_COMPILATION_CONDITIONS = DEBUG;
				SWIFT_OPTIMIZATION_LEVEL = "-Onone";
			};
			name = Debug;
		};
		2658A3C728D8CD1C00366538 /* Release */ = {
			isa = XCBuildConfiguration;
			buildSettings = {
				ALWAYS_SEARCH_USER_PATHS = NO;
				CLANG_ANALYZER_NONNULL = YES;
				CLANG_ANALYZER_NUMBER_OBJECT_CONVERSION = YES_AGGRESSIVE;
				CLANG_CXX_LANGUAGE_STANDARD = "gnu++14";
				CLANG_CXX_LIBRARY = "libc++";
				CLANG_ENABLE_MODULES = YES;
				CLANG_ENABLE_OBJC_ARC = YES;
				CLANG_ENABLE_OBJC_WEAK = YES;
				CLANG_WARN_BLOCK_CAPTURE_AUTORELEASING = YES;
				CLANG_WARN_BOOL_CONVERSION = YES;
				CLANG_WARN_COMMA = YES;
				CLANG_WARN_CONSTANT_CONVERSION = YES;
				CLANG_WARN_DEPRECATED_OBJC_IMPLEMENTATIONS = YES;
				CLANG_WARN_DIRECT_OBJC_ISA_USAGE = YES_ERROR;
				CLANG_WARN_DOCUMENTATION_COMMENTS = YES;
				CLANG_WARN_EMPTY_BODY = YES;
				CLANG_WARN_ENUM_CONVERSION = YES;
				CLANG_WARN_INFINITE_RECURSION = YES;
				CLANG_WARN_INT_CONVERSION = YES;
				CLANG_WARN_NON_LITERAL_NULL_CONVERSION = YES;
				CLANG_WARN_OBJC_IMPLICIT_RETAIN_SELF = YES;
				CLANG_WARN_OBJC_LITERAL_CONVERSION = YES;
				CLANG_WARN_OBJC_ROOT_CLASS = YES_ERROR;
				CLANG_WARN_RANGE_LOOP_ANALYSIS = YES;
				CLANG_WARN_STRICT_PROTOTYPES = YES;
				CLANG_WARN_SUSPICIOUS_MOVE = YES;
				CLANG_WARN_UNGUARDED_AVAILABILITY = YES_AGGRESSIVE;
				CLANG_WARN_UNREACHABLE_CODE = YES;
				CLANG_WARN__DUPLICATE_METHOD_MATCH = YES;
				COPY_PHASE_STRIP = NO;
				DEBUG_INFORMATION_FORMAT = "dwarf-with-dsym";
				ENABLE_NS_ASSERTIONS = NO;
				ENABLE_STRICT_OBJC_MSGSEND = YES;
				GCC_C_LANGUAGE_STANDARD = gnu11;
				GCC_NO_COMMON_BLOCKS = YES;
				GCC_WARN_64_TO_32_BIT_CONVERSION = YES;
				GCC_WARN_ABOUT_RETURN_TYPE = YES_ERROR;
				GCC_WARN_UNDECLARED_SELECTOR = YES;
				GCC_WARN_UNINITIALIZED_AUTOS = YES_AGGRESSIVE;
				GCC_WARN_UNUSED_FUNCTION = YES;
				GCC_WARN_UNUSED_VARIABLE = YES;
				IPHONEOS_DEPLOYMENT_TARGET = 13.2;
				MTL_ENABLE_DEBUG_INFO = NO;
				MTL_FAST_MATH = YES;
				SDKROOT = iphoneos;
				SWIFT_COMPILATION_MODE = wholemodule;
				SWIFT_OPTIMIZATION_LEVEL = "-O";
				VALIDATE_PRODUCT = YES;
			};
			name = Release;
		};
		2658A3C928D8CD1C00366538 /* Debug */ = {
			isa = XCBuildConfiguration;
			baseConfigurationReference = 281F77C3BC91EF517EEAEEFB /* Pods-CurrencyApplication.debug.xcconfig */;
			buildSettings = {
				ASSETCATALOG_COMPILER_APPICON_NAME = AppIcon;
				CODE_SIGN_STYLE = Automatic;
				DEVELOPMENT_TEAM = 5XF22H3TY5;
				INFOPLIST_FILE = CurrencyApplication/Info.plist;
				LD_RUNPATH_SEARCH_PATHS = (
					"$(inherited)",
					"@executable_path/Frameworks",
				);
				PRODUCT_BUNDLE_IDENTIFIER = com.currency.CurrencyApplication;
				PRODUCT_NAME = "$(TARGET_NAME)";
				SWIFT_VERSION = 5.0;
				TARGETED_DEVICE_FAMILY = "1,2";
			};
			name = Debug;
		};
		2658A3CA28D8CD1C00366538 /* Release */ = {
			isa = XCBuildConfiguration;
			baseConfigurationReference = 37CDFE795CC5A691F548A1E7 /* Pods-CurrencyApplication.release.xcconfig */;
			buildSettings = {
				ASSETCATALOG_COMPILER_APPICON_NAME = AppIcon;
				CODE_SIGN_STYLE = Automatic;
				DEVELOPMENT_TEAM = 5XF22H3TY5;
				INFOPLIST_FILE = CurrencyApplication/Info.plist;
				LD_RUNPATH_SEARCH_PATHS = (
					"$(inherited)",
					"@executable_path/Frameworks",
				);
				PRODUCT_BUNDLE_IDENTIFIER = com.currency.CurrencyApplication;
				PRODUCT_NAME = "$(TARGET_NAME)";
				SWIFT_VERSION = 5.0;
				TARGETED_DEVICE_FAMILY = "1,2";
			};
			name = Release;
		};
		2658A3DE28D8CF8600366538 /* Debug */ = {
			isa = XCBuildConfiguration;
			baseConfigurationReference = 770B336AD0F4399FCFEF4907 /* Pods-CurrencyApplicationTests.debug.xcconfig */;
			buildSettings = {
				BUNDLE_LOADER = "$(TEST_HOST)";
				CODE_SIGN_STYLE = Automatic;
				DEVELOPMENT_TEAM = 5XF22H3TY5;
				INFOPLIST_FILE = CurrencyApplicationTests/Info.plist;
				LD_RUNPATH_SEARCH_PATHS = (
					"$(inherited)",
					"@executable_path/Frameworks",
					"@loader_path/Frameworks",
				);
				PRODUCT_BUNDLE_IDENTIFIER = com.currency.CurrencyApplicationTests;
				PRODUCT_NAME = "$(TARGET_NAME)";
				SWIFT_VERSION = 5.0;
				TARGETED_DEVICE_FAMILY = "1,2";
				TEST_HOST = "$(BUILT_PRODUCTS_DIR)/CurrencyApplication.app/CurrencyApplication";
			};
			name = Debug;
		};
		2658A3DF28D8CF8600366538 /* Release */ = {
			isa = XCBuildConfiguration;
			baseConfigurationReference = EA4510ED6685A57FB5356A35 /* Pods-CurrencyApplicationTests.release.xcconfig */;
			buildSettings = {
				BUNDLE_LOADER = "$(TEST_HOST)";
				CODE_SIGN_STYLE = Automatic;
				DEVELOPMENT_TEAM = 5XF22H3TY5;
				INFOPLIST_FILE = CurrencyApplicationTests/Info.plist;
				LD_RUNPATH_SEARCH_PATHS = (
					"$(inherited)",
					"@executable_path/Frameworks",
					"@loader_path/Frameworks",
				);
				PRODUCT_BUNDLE_IDENTIFIER = com.currency.CurrencyApplicationTests;
				PRODUCT_NAME = "$(TARGET_NAME)";
				SWIFT_VERSION = 5.0;
				TARGETED_DEVICE_FAMILY = "1,2";
				TEST_HOST = "$(BUILT_PRODUCTS_DIR)/CurrencyApplication.app/CurrencyApplication";
			};
			name = Release;
		};
/* End XCBuildConfiguration section */

/* Begin XCConfigurationList section */
		2658A39928D8CD1A00366538 /* Build configuration list for PBXProject "CurrencyApplication" */ = {
			isa = XCConfigurationList;
			buildConfigurations = (
				2658A3C628D8CD1C00366538 /* Debug */,
				2658A3C728D8CD1C00366538 /* Release */,
			);
			defaultConfigurationIsVisible = 0;
			defaultConfigurationName = Release;
		};
		2658A3C828D8CD1C00366538 /* Build configuration list for PBXNativeTarget "CurrencyApplication" */ = {
			isa = XCConfigurationList;
			buildConfigurations = (
				2658A3C928D8CD1C00366538 /* Debug */,
				2658A3CA28D8CD1C00366538 /* Release */,
			);
			defaultConfigurationIsVisible = 0;
			defaultConfigurationName = Release;
		};
		2658A3DD28D8CF8600366538 /* Build configuration list for PBXNativeTarget "CurrencyApplicationTests" */ = {
			isa = XCConfigurationList;
			buildConfigurations = (
				2658A3DE28D8CF8600366538 /* Debug */,
				2658A3DF28D8CF8600366538 /* Release */,
			);
			defaultConfigurationIsVisible = 0;
			defaultConfigurationName = Release;
		};
/* End XCConfigurationList section */
	};
	rootObject = 2658A39628D8CD1A00366538 /* Project object */;
}
