// !$*UTF8*$!
{
	archiveVersion = 1;
	classes = {
	};
	objectVersion = 51;
	objects = {

/* Begin PBXBuildFile section */
		2628BCC828DB994B001FA0F6 /* CurrencyDataSourceTest.swift in Sources */ = {isa = PBXBuildFile; fileRef = 2628BCC728DB994B001FA0F6 /* CurrencyDataSourceTest.swift */; };
		2628BCCA28DB9AA2001FA0F6 /* CurrencyViewModelTests.swift in Sources */ = {isa = PBXBuildFile; fileRef = 2628BCC928DB9AA2001FA0F6 /* CurrencyViewModelTests.swift */; };
		2628BCCC28DBA7AB001FA0F6 /* CurrencyPickerViewModelTests.swift in Sources */ = {isa = PBXBuildFile; fileRef = 2628BCCB28DBA7AB001FA0F6 /* CurrencyPickerViewModelTests.swift */; };
		2628BCCE28DBA877001FA0F6 /* HistoryViewModelTests.swift in Sources */ = {isa = PBXBuildFile; fileRef = 2628BCCD28DBA877001FA0F6 /* HistoryViewModelTests.swift */; };
		2658A3A228D8CD1A00366538 /* AppDelegate.swift in Sources */ = {isa = PBXBuildFile; fileRef = 2658A3A128D8CD1A00366538 /* AppDelegate.swift */; };
		2658A3A428D8CD1A00366538 /* SceneDelegate.swift in Sources */ = {isa = PBXBuildFile; fileRef = 2658A3A328D8CD1A00366538 /* SceneDelegate.swift */; };
		2658A3A928D8CD1A00366538 /* Main.storyboard in Resources */ = {isa = PBXBuildFile; fileRef = 2658A3A728D8CD1A00366538 /* Main.storyboard */; };
		2658A3AB28D8CD1C00366538 /* Assets.xcassets in Resources */ = {isa = PBXBuildFile; fileRef = 2658A3AA28D8CD1C00366538 /* Assets.xcassets */; };
		2658A3AE28D8CD1C00366538 /* LaunchScreen.storyboard in Resources */ = {isa = PBXBuildFile; fileRef = 2658A3AC28D8CD1C00366538 /* LaunchScreen.storyboard */; };
		2658A3D928D8CF8600366538 /* CurrencyApplicationTests.swift in Sources */ = {isa = PBXBuildFile; fileRef = 2658A3D828D8CF8600366538 /* CurrencyApplicationTests.swift */; };
		2658A54B28D9A45100366538 /* ReachabilityProtocol.swift in Sources */ = {isa = PBXBuildFile; fileRef = 2658A54A28D9A45100366538 /* ReachabilityProtocol.swift */; };
		2658A54D28D9A45F00366538 /* Reachability.swift in Sources */ = {isa = PBXBuildFile; fileRef = 2658A54C28D9A45F00366538 /* Reachability.swift */; };
		2658A54F28D9A46800366538 /* NetworkReachability.swift in Sources */ = {isa = PBXBuildFile; fileRef = 2658A54E28D9A46800366538 /* NetworkReachability.swift */; };
		2658A55128D9A61000366538 /* HTTPMethod.swift in Sources */ = {isa = PBXBuildFile; fileRef = 2658A55028D9A61000366538 /* HTTPMethod.swift */; };
		2658A55328D9A64800366538 /* HTTPStatus.swift in Sources */ = {isa = PBXBuildFile; fileRef = 2658A55228D9A64800366538 /* HTTPStatus.swift */; };
		2658A55528D9A79E00366538 /* HTTPParameterEncoding.swift in Sources */ = {isa = PBXBuildFile; fileRef = 2658A55428D9A79E00366538 /* HTTPParameterEncoding.swift */; };
		2658A55728D9A7B900366538 /* JSONEncoder.swift in Sources */ = {isa = PBXBuildFile; fileRef = 2658A55628D9A7B900366538 /* JSONEncoder.swift */; };
		2658A55928D9A7C800366538 /* URLEncoder.swift in Sources */ = {isa = PBXBuildFile; fileRef = 2658A55828D9A7C800366538 /* URLEncoder.swift */; };
		2658A55B28D9A7D800366538 /* EncoderProtocol.swift in Sources */ = {isa = PBXBuildFile; fileRef = 2658A55A28D9A7D800366538 /* EncoderProtocol.swift */; };
		2658A55D28D9AAFF00366538 /* EndpointProtocol.swift in Sources */ = {isa = PBXBuildFile; fileRef = 2658A55C28D9AAFF00366538 /* EndpointProtocol.swift */; };
		2658A55F28D9AB6300366538 /* HTTPTask.swift in Sources */ = {isa = PBXBuildFile; fileRef = 2658A55E28D9AB6300366538 /* HTTPTask.swift */; };
		2658A56128D9AC1C00366538 /* NetworkLogger.swift in Sources */ = {isa = PBXBuildFile; fileRef = 2658A56028D9AC1C00366538 /* NetworkLogger.swift */; };
		2658A56328D9AC7B00366538 /* NetworkErrors.swift in Sources */ = {isa = PBXBuildFile; fileRef = 2658A56228D9AC7B00366538 /* NetworkErrors.swift */; };
		2658A56928D9B1C600366538 /* Utils.swift in Sources */ = {isa = PBXBuildFile; fileRef = 2658A56828D9B1C600366538 /* Utils.swift */; };
		2658A56D28D9B38E00366538 /* CurrencyEndpoint.swift in Sources */ = {isa = PBXBuildFile; fileRef = 2658A56C28D9B38E00366538 /* CurrencyEndpoint.swift */; };
		2658A56F28D9B39A00366538 /* RequestConfig.swift in Sources */ = {isa = PBXBuildFile; fileRef = 2658A56E28D9B39A00366538 /* RequestConfig.swift */; };
		2658A57128D9B43E00366538 /* URL.swift in Sources */ = {isa = PBXBuildFile; fileRef = 2658A57028D9B43E00366538 /* URL.swift */; };
		2658A57728D9B79600366538 /* CurrencyViewController.swift in Sources */ = {isa = PBXBuildFile; fileRef = 2658A57628D9B79600366538 /* CurrencyViewController.swift */; };
		2658A57928D9BA5400366538 /* CurrencyButton.swift in Sources */ = {isa = PBXBuildFile; fileRef = 2658A57828D9BA5400366538 /* CurrencyButton.swift */; };
		2658A57B28D9C26D00366538 /* BaseViewModel.swift in Sources */ = {isa = PBXBuildFile; fileRef = 2658A57A28D9C26D00366538 /* BaseViewModel.swift */; };
		2658A57D28D9C27D00366538 /* BaseModel.swift in Sources */ = {isa = PBXBuildFile; fileRef = 2658A57C28D9C27D00366538 /* BaseModel.swift */; };
		2658A58128D9C84800366538 /* CurrencyViewModel.swift in Sources */ = {isa = PBXBuildFile; fileRef = 2658A58028D9C84800366538 /* CurrencyViewModel.swift */; };
		2658A58328D9CA9900366538 /* NetworkManager.swift in Sources */ = {isa = PBXBuildFile; fileRef = 2658A58228D9CA9900366538 /* NetworkManager.swift */; };
		2658A58528D9CAB200366538 /* DataHandler.swift in Sources */ = {isa = PBXBuildFile; fileRef = 2658A58428D9CAB200366538 /* DataHandler.swift */; };
		2658A58728D9CABF00366538 /* ParseManager.swift in Sources */ = {isa = PBXBuildFile; fileRef = 2658A58628D9CABF00366538 /* ParseManager.swift */; };
		2658A58A28D9CC3700366538 /* CurrencyDataSource.swift in Sources */ = {isa = PBXBuildFile; fileRef = 2658A58928D9CC3600366538 /* CurrencyDataSource.swift */; };
		2658A58C28D9CCAE00366538 /* ExchangeRatesModel.swift in Sources */ = {isa = PBXBuildFile; fileRef = 2658A58B28D9CCAE00366538 /* ExchangeRatesModel.swift */; };
		2658A58E28D9CCD700366538 /* RateModel.swift in Sources */ = {isa = PBXBuildFile; fileRef = 2658A58D28D9CCD700366538 /* RateModel.swift */; };
		2658A59028D9CD3800366538 /* Router.swift in Sources */ = {isa = PBXBuildFile; fileRef = 2658A58F28D9CD3700366538 /* Router.swift */; };
		2658A59228D9D02A00366538 /* Double.swift in Sources */ = {isa = PBXBuildFile; fileRef = 2658A59128D9D02A00366538 /* Double.swift */; };
		2658A59528D9D52000366538 /* NavigationRouter.swift in Sources */ = {isa = PBXBuildFile; fileRef = 2658A59428D9D52000366538 /* NavigationRouter.swift */; };
		2658A59728D9D5D300366538 /* UIStoryboard.swift in Sources */ = {isa = PBXBuildFile; fileRef = 2658A59628D9D5D300366538 /* UIStoryboard.swift */; };
		2658A59928D9D65400366538 /* UIViewController.swift in Sources */ = {isa = PBXBuildFile; fileRef = 2658A59828D9D65400366538 /* UIViewController.swift */; };
		2658A59B28D9D69E00366538 /* NSObject.swift in Sources */ = {isa = PBXBuildFile; fileRef = 2658A59A28D9D69E00366538 /* NSObject.swift */; };
		2658A59E28DA3D8600366538 /* CurrencyPickerViewController.swift in Sources */ = {isa = PBXBuildFile; fileRef = 2658A59D28DA3D8600366538 /* CurrencyPickerViewController.swift */; };
		2658A5A128DA3DC600366538 /* CurrencyPickerViewModel.swift in Sources */ = {isa = PBXBuildFile; fileRef = 2658A5A028DA3DC600366538 /* CurrencyPickerViewModel.swift */; };
		26B9619928DA562C00490829 /* UITextField.swift in Sources */ = {isa = PBXBuildFile; fileRef = 26B9619828DA562C00490829 /* UITextField.swift */; };
		26D10C4B28DAF6890012C9C7 /* HistoryViewController.swift in Sources */ = {isa = PBXBuildFile; fileRef = 26D10C4A28DAF6890012C9C7 /* HistoryViewController.swift */; };
		26D10C4D28DAF6970012C9C7 /* HistoryViewModel.swift in Sources */ = {isa = PBXBuildFile; fileRef = 26D10C4C28DAF6970012C9C7 /* HistoryViewModel.swift */; };
		26D10C4F28DAF8350012C9C7 /* HistoryCell.swift in Sources */ = {isa = PBXBuildFile; fileRef = 26D10C4E28DAF8350012C9C7 /* HistoryCell.swift */; };
		26D10C5128DAF83F0012C9C7 /* HistoryCell.xib in Resources */ = {isa = PBXBuildFile; fileRef = 26D10C5028DAF83F0012C9C7 /* HistoryCell.xib */; };
		26D10C5328DAFB030012C9C7 /* CurrencyCache.swift in Sources */ = {isa = PBXBuildFile; fileRef = 26D10C5228DAFB030012C9C7 /* CurrencyCache.swift */; };
		26D10C5528DAFC0A0012C9C7 /* Date.swift in Sources */ = {isa = PBXBuildFile; fileRef = 26D10C5428DAFC0A0012C9C7 /* Date.swift */; };
		26E85CB528DA4057000138C8 /* CurrencyCell.swift in Sources */ = {isa = PBXBuildFile; fileRef = 26E85CB428DA4056000138C8 /* CurrencyCell.swift */; };
		26E85CB728DA4080000138C8 /* CurrencyCell.xib in Resources */ = {isa = PBXBuildFile; fileRef = 26E85CB628DA4080000138C8 /* CurrencyCell.xib */; };
		26E85CB928DA4B74000138C8 /* UITableView.swift in Sources */ = {isa = PBXBuildFile; fileRef = 26E85CB828DA4B73000138C8 /* UITableView.swift */; };
		5D5564DE2E44AAC4958961FA /* Pods_CurrencyApplicationTests.framework in Frameworks */ = {isa = PBXBuildFile; fileRef = A368C88461BF37597BF52949 /* Pods_CurrencyApplicationTests.framework */; };
		7D6DBE296A2D264C895110C6 /* Pods_CurrencyApplication.framework in Frameworks */ = {isa = PBXBuildFile; fileRef = B16A14F9862155656CA60FF1 /* Pods_CurrencyApplication.framework */; };
/* End PBXBuildFile section */

/* Begin PBXContainerItemProxy section */
		2658A3DB28D8CF8600366538 /* PBXContainerItemProxy */ = {
			isa = PBXContainerItemProxy;
			containerPortal = 2658A39628D8CD1A00366538 /* Project object */;
			proxyType = 1;
			remoteGlobalIDString = 2658A39D28D8CD1A00366538;
			remoteInfo = CurrencyApplication;
		};
/* End PBXContainerItemProxy section */

/* Begin PBXFileReference section */
		2628BCC728DB994B001FA0F6 /* CurrencyDataSourceTest.swift */ = {isa = PBXFileReference; lastKnownFileType = sourcecode.swift; path = CurrencyDataSourceTest.swift; sourceTree = "<group>"; };
		2628BCC928DB9AA2001FA0F6 /* CurrencyViewModelTests.swift */ = {isa = PBXFileReference; lastKnownFileType = sourcecode.swift; path = CurrencyViewModelTests.swift; sourceTree = "<group>"; };
		2628BCCB28DBA7AB001FA0F6 /* CurrencyPickerViewModelTests.swift */ = {isa = PBXFileReference; lastKnownFileType = sourcecode.swift; path = CurrencyPickerViewModelTests.swift; sourceTree = "<group>"; };
		2628BCCD28DBA877001FA0F6 /* HistoryViewModelTests.swift */ = {isa = PBXFileReference; lastKnownFileType = sourcecode.swift; path = HistoryViewModelTests.swift; sourceTree = "<group>"; };
		2658A39E28D8CD1A00366538 /* CurrencyApplication.app */ = {isa = PBXFileReference; explicitFileType = wrapper.application; includeInIndex = 0; path = CurrencyApplication.app; sourceTree = BUILT_PRODUCTS_DIR; };
		2658A3A128D8CD1A00366538 /* AppDelegate.swift */ = {isa = PBXFileReference; lastKnownFileType = sourcecode.swift; path = AppDelegate.swift; sourceTree = "<group>"; };
		2658A3A328D8CD1A00366538 /* SceneDelegate.swift */ = {isa = PBXFileReference; lastKnownFileType = sourcecode.swift; path = SceneDelegate.swift; sourceTree = "<group>"; };
		2658A3A828D8CD1A00366538 /* Base */ = {isa = PBXFileReference; lastKnownFileType = file.storyboard; name = Base; path = Base.lproj/Main.storyboard; sourceTree = "<group>"; };
		2658A3AA28D8CD1C00366538 /* Assets.xcassets */ = {isa = PBXFileReference; lastKnownFileType = folder.assetcatalog; path = Assets.xcassets; sourceTree = "<group>"; };
		2658A3AD28D8CD1C00366538 /* Base */ = {isa = PBXFileReference; lastKnownFileType = file.storyboard; name = Base; path = Base.lproj/LaunchScreen.storyboard; sourceTree = "<group>"; };
		2658A3AF28D8CD1C00366538 /* Info.plist */ = {isa = PBXFileReference; lastKnownFileType = text.plist.xml; path = Info.plist; sourceTree = "<group>"; };
		2658A3D628D8CF8600366538 /* CurrencyApplicationTests.xctest */ = {isa = PBXFileReference; explicitFileType = wrapper.cfbundle; includeInIndex = 0; path = CurrencyApplicationTests.xctest; sourceTree = BUILT_PRODUCTS_DIR; };
		2658A3D828D8CF8600366538 /* CurrencyApplicationTests.swift */ = {isa = PBXFileReference; lastKnownFileType = sourcecode.swift; path = CurrencyApplicationTests.swift; sourceTree = "<group>"; };
		2658A3DA28D8CF8600366538 /* Info.plist */ = {isa = PBXFileReference; lastKnownFileType = text.plist.xml; path = Info.plist; sourceTree = "<group>"; };
		2658A54A28D9A45100366538 /* ReachabilityProtocol.swift */ = {isa = PBXFileReference; lastKnownFileType = sourcecode.swift; path = ReachabilityProtocol.swift; sourceTree = "<group>"; };
		2658A54C28D9A45F00366538 /* Reachability.swift */ = {isa = PBXFileReference; lastKnownFileType = sourcecode.swift; path = Reachability.swift; sourceTree = "<group>"; };
		2658A54E28D9A46800366538 /* NetworkReachability.swift */ = {isa = PBXFileReference; lastKnownFileType = sourcecode.swift; path = NetworkReachability.swift; sourceTree = "<group>"; };
		2658A55028D9A61000366538 /* HTTPMethod.swift */ = {isa = PBXFileReference; lastKnownFileType = sourcecode.swift; path = HTTPMethod.swift; sourceTree = "<group>"; };
		2658A55228D9A64800366538 /* HTTPStatus.swift */ = {isa = PBXFileReference; lastKnownFileType = sourcecode.swift; path = HTTPStatus.swift; sourceTree = "<group>"; };
		2658A55428D9A79E00366538 /* HTTPParameterEncoding.swift */ = {isa = PBXFileReference; lastKnownFileType = sourcecode.swift; path = HTTPParameterEncoding.swift; sourceTree = "<group>"; };
		2658A55628D9A7B900366538 /* JSONEncoder.swift */ = {isa = PBXFileReference; lastKnownFileType = sourcecode.swift; path = JSONEncoder.swift; sourceTree = "<group>"; };
		2658A55828D9A7C800366538 /* URLEncoder.swift */ = {isa = PBXFileReference; lastKnownFileType = sourcecode.swift; path = URLEncoder.swift; sourceTree = "<group>"; };
		2658A55A28D9A7D800366538 /* EncoderProtocol.swift */ = {isa = PBXFileReference; lastKnownFileType = sourcecode.swift; path = EncoderProtocol.swift; sourceTree = "<group>"; };
		2658A55C28D9AAFF00366538 /* EndpointProtocol.swift */ = {isa = PBXFileReference; lastKnownFileType = sourcecode.swift; path = EndpointProtocol.swift; sourceTree = "<group>"; };
		2658A55E28D9AB6300366538 /* HTTPTask.swift */ = {isa = PBXFileReference; lastKnownFileType = sourcecode.swift; path = HTTPTask.swift; sourceTree = "<group>"; };
		2658A56028D9AC1C00366538 /* NetworkLogger.swift */ = {isa = PBXFileReference; lastKnownFileType = sourcecode.swift; path = NetworkLogger.swift; sourceTree = "<group>"; };
		2658A56228D9AC7B00366538 /* NetworkErrors.swift */ = {isa = PBXFileReference; lastKnownFileType = sourcecode.swift; path = NetworkErrors.swift; sourceTree = "<group>"; };
		2658A56828D9B1C600366538 /* Utils.swift */ = {isa = PBXFileReference; lastKnownFileType = sourcecode.swift; path = Utils.swift; sourceTree = "<group>"; };
		2658A56C28D9B38E00366538 /* CurrencyEndpoint.swift */ = {isa = PBXFileReference; fileEncoding = 4; lastKnownFileType = sourcecode.swift; path = CurrencyEndpoint.swift; sourceTree = "<group>"; };
		2658A56E28D9B39A00366538 /* RequestConfig.swift */ = {isa = PBXFileReference; fileEncoding = 4; lastKnownFileType = sourcecode.swift; path = RequestConfig.swift; sourceTree = "<group>"; };
		2658A57028D9B43E00366538 /* URL.swift */ = {isa = PBXFileReference; lastKnownFileType = sourcecode.swift; path = URL.swift; sourceTree = "<group>"; };
		2658A57628D9B79600366538 /* CurrencyViewController.swift */ = {isa = PBXFileReference; lastKnownFileType = sourcecode.swift; path = CurrencyViewController.swift; sourceTree = "<group>"; };
		2658A57828D9BA5400366538 /* CurrencyButton.swift */ = {isa = PBXFileReference; lastKnownFileType = sourcecode.swift; path = CurrencyButton.swift; sourceTree = "<group>"; };
		2658A57A28D9C26D00366538 /* BaseViewModel.swift */ = {isa = PBXFileReference; lastKnownFileType = sourcecode.swift; path = BaseViewModel.swift; sourceTree = "<group>"; };
		2658A57C28D9C27D00366538 /* BaseModel.swift */ = {isa = PBXFileReference; lastKnownFileType = sourcecode.swift; path = BaseModel.swift; sourceTree = "<group>"; };
		2658A58028D9C84800366538 /* CurrencyViewModel.swift */ = {isa = PBXFileReference; lastKnownFileType = sourcecode.swift; path = CurrencyViewModel.swift; sourceTree = "<group>"; };
		2658A58228D9CA9900366538 /* NetworkManager.swift */ = {isa = PBXFileReference; lastKnownFileType = sourcecode.swift; path = NetworkManager.swift; sourceTree = "<group>"; };
		2658A58428D9CAB200366538 /* DataHandler.swift */ = {isa = PBXFileReference; lastKnownFileType = sourcecode.swift; path = DataHandler.swift; sourceTree = "<group>"; };
		2658A58628D9CABF00366538 /* ParseManager.swift */ = {isa = PBXFileReference; lastKnownFileType = sourcecode.swift; path = ParseManager.swift; sourceTree = "<group>"; };
		2658A58928D9CC3600366538 /* CurrencyDataSource.swift */ = {isa = PBXFileReference; lastKnownFileType = sourcecode.swift; path = CurrencyDataSource.swift; sourceTree = "<group>"; };
		2658A58B28D9CCAE00366538 /* ExchangeRatesModel.swift */ = {isa = PBXFileReference; lastKnownFileType = sourcecode.swift; path = ExchangeRatesModel.swift; sourceTree = "<group>"; };
		2658A58D28D9CCD700366538 /* RateModel.swift */ = {isa = PBXFileReference; lastKnownFileType = sourcecode.swift; path = RateModel.swift; sourceTree = "<group>"; };
		2658A58F28D9CD3700366538 /* Router.swift */ = {isa = PBXFileReference; lastKnownFileType = sourcecode.swift; path = Router.swift; sourceTree = "<group>"; };
		2658A59128D9D02A00366538 /* Double.swift */ = {isa = PBXFileReference; lastKnownFileType = sourcecode.swift; path = Double.swift; sourceTree = "<group>"; };
		2658A59428D9D52000366538 /* NavigationRouter.swift */ = {isa = PBXFileReference; lastKnownFileType = sourcecode.swift; path = NavigationRouter.swift; sourceTree = "<group>"; };
		2658A59628D9D5D300366538 /* UIStoryboard.swift */ = {isa = PBXFileReference; lastKnownFileType = sourcecode.swift; path = UIStoryboard.swift; sourceTree = "<group>"; };
		2658A59828D9D65400366538 /* UIViewController.swift */ = {isa = PBXFileReference; lastKnownFileType = sourcecode.swift; path = UIViewController.swift; sourceTree = "<group>"; };
		2658A59A28D9D69E00366538 /* NSObject.swift */ = {isa = PBXFileReference; lastKnownFileType = sourcecode.swift; path = NSObject.swift; sourceTree = "<group>"; };
		2658A59D28DA3D8600366538 /* CurrencyPickerViewController.swift */ = {isa = PBXFileReference; lastKnownFileType = sourcecode.swift; path = CurrencyPickerViewController.swift; sourceTree = "<group>"; };
		2658A5A028DA3DC600366538 /* CurrencyPickerViewModel.swift */ = {isa = PBXFileReference; lastKnownFileType = sourcecode.swift; path = CurrencyPickerViewModel.swift; sourceTree = "<group>"; };
		26B9619828DA562C00490829 /* UITextField.swift */ = {isa = PBXFileReference; lastKnownFileType = sourcecode.swift; path = UITextField.swift; sourceTree = "<group>"; };
		26D10C4A28DAF6890012C9C7 /* HistoryViewController.swift */ = {isa = PBXFileReference; lastKnownFileType = sourcecode.swift; path = HistoryViewController.swift; sourceTree = "<group>"; };
		26D10C4C28DAF6970012C9C7 /* HistoryViewModel.swift */ = {isa = PBXFileReference; lastKnownFileType = sourcecode.swift; path = HistoryViewModel.swift; sourceTree = "<group>"; };
		26D10C4E28DAF8350012C9C7 /* HistoryCell.swift */ = {isa = PBXFileReference; lastKnownFileType = sourcecode.swift; path = HistoryCell.swift; sourceTree = "<group>"; };
		26D10C5028DAF83F0012C9C7 /* HistoryCell.xib */ = {isa = PBXFileReference; lastKnownFileType = file.xib; path = HistoryCell.xib; sourceTree = "<group>"; };
		26D10C5228DAFB030012C9C7 /* CurrencyCache.swift */ = {isa = PBXFileReference; lastKnownFileType = sourcecode.swift; path = CurrencyCache.swift; sourceTree = "<group>"; };
		26D10C5428DAFC0A0012C9C7 /* Date.swift */ = {isa = PBXFileReference; lastKnownFileType = sourcecode.swift; path = Date.swift; sourceTree = "<group>"; };
		26E85CB428DA4056000138C8 /* CurrencyCell.swift */ = {isa = PBXFileReference; lastKnownFileType = sourcecode.swift; path = CurrencyCell.swift; sourceTree = "<group>"; };
		26E85CB628DA4080000138C8 /* CurrencyCell.xib */ = {isa = PBXFileReference; lastKnownFileType = file.xib; path = CurrencyCell.xib; sourceTree = "<group>"; };
		26E85CB828DA4B73000138C8 /* UITableView.swift */ = {isa = PBXFileReference; lastKnownFileType = sourcecode.swift; path = UITableView.swift; sourceTree = "<group>"; };
		281F77C3BC91EF517EEAEEFB /* Pods-CurrencyApplication.debug.xcconfig */ = {isa = PBXFileReference; includeInIndex = 1; lastKnownFileType = text.xcconfig; name = "Pods-CurrencyApplication.debug.xcconfig"; path = "Target Support Files/Pods-CurrencyApplication/Pods-CurrencyApplication.debug.xcconfig"; sourceTree = "<group>"; };
		37CDFE795CC5A691F548A1E7 /* Pods-CurrencyApplication.release.xcconfig */ = {isa = PBXFileReference; includeInIndex = 1; lastKnownFileType = text.xcconfig; name = "Pods-CurrencyApplication.release.xcconfig"; path = "Target Support Files/Pods-CurrencyApplication/Pods-CurrencyApplication.release.xcconfig"; sourceTree = "<group>"; };
		770B336AD0F4399FCFEF4907 /* Pods-CurrencyApplicationTests.debug.xcconfig */ = {isa = PBXFileReference; includeInIndex = 1; lastKnownFileType = text.xcconfig; name = "Pods-CurrencyApplicationTests.debug.xcconfig"; path = "Target Support Files/Pods-CurrencyApplicationTests/Pods-CurrencyApplicationTests.debug.xcconfig"; sourceTree = "<group>"; };
		A368C88461BF37597BF52949 /* Pods_CurrencyApplicationTests.framework */ = {isa = PBXFileReference; explicitFileType = wrapper.framework; includeInIndex = 0; path = Pods_CurrencyApplicationTests.framework; sourceTree = BUILT_PRODUCTS_DIR; };
		B16A14F9862155656CA60FF1 /* Pods_CurrencyApplication.framework */ = {isa = PBXFileReference; explicitFileType = wrapper.framework; includeInIndex = 0; path = Pods_CurrencyApplication.framework; sourceTree = BUILT_PRODUCTS_DIR; };
		EA4510ED6685A57FB5356A35 /* Pods-CurrencyApplicationTests.release.xcconfig */ = {isa = PBXFileReference; includeInIndex = 1; lastKnownFileType = text.xcconfig; name = "Pods-CurrencyApplicationTests.release.xcconfig"; path = "Target Support Files/Pods-CurrencyApplicationTests/Pods-CurrencyApplicationTests.release.xcconfig"; sourceTree = "<group>"; };
/* End PBXFileReference section */

/* Begin PBXFrameworksBuildPhase section */
		2658A39B28D8CD1A00366538 /* Frameworks */ = {
			isa = PBXFrameworksBuildPhase;
			buildActionMask = 2147483647;
			files = (
				7D6DBE296A2D264C895110C6 /* Pods_CurrencyApplication.framework in Frameworks */,
			);
			runOnlyForDeploymentPostprocessing = 0;
		};
		2658A3D328D8CF8600366538 /* Frameworks */ = {
			isa = PBXFrameworksBuildPhase;
			buildActionMask = 2147483647;
			files = (
				5D5564DE2E44AAC4958961FA /* Pods_CurrencyApplicationTests.framework in Frameworks */,
			);
			runOnlyForDeploymentPostprocessing = 0;
		};
/* End PBXFrameworksBuildPhase section */

/* Begin PBXGroup section */
		13A7357489BBC1428D1DC227 /* Pods */ = {
			isa = PBXGroup;
			children = (
				281F77C3BC91EF517EEAEEFB /* Pods-CurrencyApplication.debug.xcconfig */,
				37CDFE795CC5A691F548A1E7 /* Pods-CurrencyApplication.release.xcconfig */,
				770B336AD0F4399FCFEF4907 /* Pods-CurrencyApplicationTests.debug.xcconfig */,
				EA4510ED6685A57FB5356A35 /* Pods-CurrencyApplicationTests.release.xcconfig */,
			);
			path = Pods;
			sourceTree = "<group>";
		};
		26263B4328DA6A7F00199B60 /* PopularCurrency */ = {
			isa = PBXGroup;
			children = (
				26D10C4828DAF4380012C9C7 /* View */,
				26D10C4928DAF4420012C9C7 /* ViewModel */,
				26D10C4A28DAF6890012C9C7 /* HistoryViewController.swift */,
			);
			path = PopularCurrency;
			sourceTree = "<group>";
		};
		2658A39528D8CD1A00366538 = {
			isa = PBXGroup;
			children = (
				2658A3A028D8CD1A00366538 /* CurrencyApplication */,
				2658A3D728D8CF8600366538 /* CurrencyApplicationTests */,
				2658A39F28D8CD1A00366538 /* Products */,
				13A7357489BBC1428D1DC227 /* Pods */,
				B85416B8096DA5141B180560 /* Frameworks */,
			);
			sourceTree = "<group>";
		};
		2658A39F28D8CD1A00366538 /* Products */ = {
			isa = PBXGroup;
			children = (
				2658A39E28D8CD1A00366538 /* CurrencyApplication.app */,
				2658A3D628D8CF8600366538 /* CurrencyApplicationTests.xctest */,
			);
			name = Products;
			sourceTree = "<group>";
		};
		2658A3A028D8CD1A00366538 /* CurrencyApplication */ = {
			isa = PBXGroup;
			children = (
				2658A3E528D8EBB800366538 /* Resources */,
				2658A59328D9D4FD00366538 /* Router */,
				2658A58828D9CC2500366538 /* DataSource */,
				2658A3E828D8EBB800366538 /* Common */,
				2658A3E728D8EBB800366538 /* Config */,
				2658A3E928D8EBB800366538 /* Extension */,
				2658A3E628D8EBB800366538 /* Network */,
				2658A54428D9A10200366538 /* CurrencyConverter */,
				2658A59C28DA3D5900366538 /* CurrencyPicker */,
				26263B4328DA6A7F00199B60 /* PopularCurrency */,
				2658A3A328D8CD1A00366538 /* SceneDelegate.swift */,
				2658A3AF28D8CD1C00366538 /* Info.plist */,
			);
			path = CurrencyApplication;
			sourceTree = "<group>";
		};
		2658A3D728D8CF8600366538 /* CurrencyApplicationTests */ = {
			isa = PBXGroup;
			children = (
				2658A3D828D8CF8600366538 /* CurrencyApplicationTests.swift */,
				2628BCC728DB994B001FA0F6 /* CurrencyDataSourceTest.swift */,
				2628BCC928DB9AA2001FA0F6 /* CurrencyViewModelTests.swift */,
				2628BCCB28DBA7AB001FA0F6 /* CurrencyPickerViewModelTests.swift */,
				2628BCCD28DBA877001FA0F6 /* HistoryViewModelTests.swift */,
				2658A3DA28D8CF8600366538 /* Info.plist */,
			);
			path = CurrencyApplicationTests;
			sourceTree = "<group>";
		};
		2658A3E528D8EBB800366538 /* Resources */ = {
			isa = PBXGroup;
			children = (
				2658A3A728D8CD1A00366538 /* Main.storyboard */,
				2658A3AA28D8CD1C00366538 /* Assets.xcassets */,
				2658A3AC28D8CD1C00366538 /* LaunchScreen.storyboard */,
			);
			path = Resources;
			sourceTree = "<group>";
		};
		2658A3E628D8EBB800366538 /* Network */ = {
			isa = PBXGroup;
			children = (
				2658A54928D9A43A00366538 /* Reachability */,
				2658A54628D9A3C600366538 /* Services */,
				2658A54728D9A3C600366538 /* Encoding */,
				2658A54528D9A3C600366538 /* Endpoints */,
				2658A54828D9A3C700366538 /* Request */,
			);
			path = Network;
			sourceTree = "<group>";
		};
		2658A3E728D8EBB800366538 /* Config */ = {
			isa = PBXGroup;
			children = (
				2658A3A128D8CD1A00366538 /* AppDelegate.swift */,
			);
			path = Config;
			sourceTree = "<group>";
		};
		2658A3E828D8EBB800366538 /* Common */ = {
			isa = PBXGroup;
			children = (
				2658A56828D9B1C600366538 /* Utils.swift */,
				2658A57A28D9C26D00366538 /* BaseViewModel.swift */,
				2658A57C28D9C27D00366538 /* BaseModel.swift */,
				26D10C5228DAFB030012C9C7 /* CurrencyCache.swift */,
				26D10C5428DAFC0A0012C9C7 /* Date.swift */,
			);
			path = Common;
			sourceTree = "<group>";
		};
		2658A3E928D8EBB800366538 /* Extension */ = {
			isa = PBXGroup;
			children = (
				2658A57028D9B43E00366538 /* URL.swift */,
				2658A59128D9D02A00366538 /* Double.swift */,
				2658A59628D9D5D300366538 /* UIStoryboard.swift */,
				2658A59828D9D65400366538 /* UIViewController.swift */,
				2658A59A28D9D69E00366538 /* NSObject.swift */,
				26E85CB828DA4B73000138C8 /* UITableView.swift */,
				26B9619828DA562C00490829 /* UITextField.swift */,
			);
			path = Extension;
			sourceTree = "<group>";
		};
		2658A54428D9A10200366538 /* CurrencyConverter */ = {
			isa = PBXGroup;
			children = (
				2658A57528D9B73100366538 /* Model */,
				2658A57328D9B73100366538 /* View */,
				2658A57428D9B73100366538 /* ViewModel */,
				2658A57628D9B79600366538 /* CurrencyViewController.swift */,
			);
			path = CurrencyConverter;
			sourceTree = "<group>";
		};
		2658A54528D9A3C600366538 /* Endpoints */ = {
			isa = PBXGroup;
			children = (
				2658A56C28D9B38E00366538 /* CurrencyEndpoint.swift */,
			);
			path = Endpoints;
			sourceTree = "<group>";
		};
		2658A54628D9A3C600366538 /* Services */ = {
			isa = PBXGroup;
			children = (
				2658A58228D9CA9900366538 /* NetworkManager.swift */,
				2658A58428D9CAB200366538 /* DataHandler.swift */,
				2658A58628D9CABF00366538 /* ParseManager.swift */,
			);
			path = Services;
			sourceTree = "<group>";
		};
		2658A54728D9A3C600366538 /* Encoding */ = {
			isa = PBXGroup;
			children = (
				2658A55428D9A79E00366538 /* HTTPParameterEncoding.swift */,
				2658A55628D9A7B900366538 /* JSONEncoder.swift */,
				2658A55828D9A7C800366538 /* URLEncoder.swift */,
				2658A55A28D9A7D800366538 /* EncoderProtocol.swift */,
			);
			path = Encoding;
			sourceTree = "<group>";
		};
		2658A54828D9A3C700366538 /* Request */ = {
			isa = PBXGroup;
			children = (
				2658A56E28D9B39A00366538 /* RequestConfig.swift */,
				2658A55028D9A61000366538 /* HTTPMethod.swift */,
				2658A55228D9A64800366538 /* HTTPStatus.swift */,
				2658A55C28D9AAFF00366538 /* EndpointProtocol.swift */,
				2658A55E28D9AB6300366538 /* HTTPTask.swift */,
				2658A56028D9AC1C00366538 /* NetworkLogger.swift */,
				2658A56228D9AC7B00366538 /* NetworkErrors.swift */,
				2658A58F28D9CD3700366538 /* Router.swift */,
			);
			path = Request;
			sourceTree = "<group>";
		};
		2658A54928D9A43A00366538 /* Reachability */ = {
			isa = PBXGroup;
			children = (
				2658A54A28D9A45100366538 /* ReachabilityProtocol.swift */,
				2658A54C28D9A45F00366538 /* Reachability.swift */,
				2658A54E28D9A46800366538 /* NetworkReachability.swift */,
			);
			path = Reachability;
			sourceTree = "<group>";
		};
		2658A57328D9B73100366538 /* View */ = {
			isa = PBXGroup;
			children = (
				2658A57828D9BA5400366538 /* CurrencyButton.swift */,
			);
			path = View;
			sourceTree = "<group>";
		};
		2658A57428D9B73100366538 /* ViewModel */ = {
			isa = PBXGroup;
			children = (
				2658A58028D9C84800366538 /* CurrencyViewModel.swift */,
			);
			path = ViewModel;
			sourceTree = "<group>";
		};
		2658A57528D9B73100366538 /* Model */ = {
			isa = PBXGroup;
			children = (
				2658A58B28D9CCAE00366538 /* ExchangeRatesModel.swift */,
				2658A58D28D9CCD700366538 /* RateModel.swift */,
			);
			path = Model;
			sourceTree = "<group>";
		};
		2658A58828D9CC2500366538 /* DataSource */ = {
			isa = PBXGroup;
			children = (
				2658A58928D9CC3600366538 /* CurrencyDataSource.swift */,
			);
			path = DataSource;
			sourceTree = "<group>";
		};
		2658A59328D9D4FD00366538 /* Router */ = {
			isa = PBXGroup;
			children = (
				2658A59428D9D52000366538 /* NavigationRouter.swift */,
			);
			path = Router;
			sourceTree = "<group>";
		};
		2658A59C28DA3D5900366538 /* CurrencyPicker */ = {
			isa = PBXGroup;
			children = (
				26E85CB328DA4033000138C8 /* View */,
				2658A59F28DA3DB000366538 /* ViewModel */,
				2658A59D28DA3D8600366538 /* CurrencyPickerViewController.swift */,
			);
			path = CurrencyPicker;
			sourceTree = "<group>";
		};
		2658A59F28DA3DB000366538 /* ViewModel */ = {
			isa = PBXGroup;
			children = (
				2658A5A028DA3DC600366538 /* CurrencyPickerViewModel.swift */,
			);
			path = ViewModel;
			sourceTree = "<group>";
		};
		26D10C4828DAF4380012C9C7 /* View */ = {
			isa = PBXGroup;
			children = (
				26D10C4E28DAF8350012C9C7 /* HistoryCell.swift */,
				26D10C5028DAF83F0012C9C7 /* HistoryCell.xib */,
			);
			path = View;
			sourceTree = "<group>";
		};
		26D10C4928DAF4420012C9C7 /* ViewModel */ = {
			isa = PBXGroup;
			children = (
				26D10C4C28DAF6970012C9C7 /* HistoryViewModel.swift */,
			);
			path = ViewModel;
			sourceTree = "<group>";
		};
		26E85CB328DA4033000138C8 /* View */ = {
			isa = PBXGroup;
			children = (
				26E85CB428DA4056000138C8 /* CurrencyCell.swift */,
				26E85CB628DA4080000138C8 /* CurrencyCell.xib */,
			);
			path = View;
			sourceTree = "<group>";
		};
		B85416B8096DA5141B180560 /* Frameworks */ = {
			isa = PBXGroup;
			children = (
				B16A14F9862155656CA60FF1 /* Pods_CurrencyApplication.framework */,
				A368C88461BF37597BF52949 /* Pods_CurrencyApplicationTests.framework */,
			);
			name = Frameworks;
			sourceTree = "<group>";
		};
/* End PBXGroup section */

/* Begin PBXNativeTarget section */
		2658A39D28D8CD1A00366538 /* CurrencyApplication */ = {
			isa = PBXNativeTarget;
			buildConfigurationList = 2658A3C828D8CD1C00366538 /* Build configuration list for PBXNativeTarget "CurrencyApplication" */;
			buildPhases = (
				D606EAB17ED4B2C6651407D7 /* [CP] Check Pods Manifest.lock */,
				2658A39A28D8CD1A00366538 /* Sources */,
				2658A39B28D8CD1A00366538 /* Frameworks */,
				2658A39C28D8CD1A00366538 /* Resources */,
				F000ABA39E211B54F9DB2E79 /* [CP] Embed Pods Frameworks */,
			);
			buildRules = (
			);
			dependencies = (
			);
			name = CurrencyApplication;
			productName = CurrencyApplication;
			productReference = 2658A39E28D8CD1A00366538 /* CurrencyApplication.app */;
			productType = "com.apple.product-type.application";
		};
		2658A3D528D8CF8600366538 /* CurrencyApplicationTests */ = {
			isa = PBXNativeTarget;
			buildConfigurationList = 2658A3DD28D8CF8600366538 /* Build configuration list for PBXNativeTarget "CurrencyApplicationTests" */;
			buildPhases = (
				75926688CF4F3852ED154066 /* [CP] Check Pods Manifest.lock */,
				2658A3D228D8CF8600366538 /* Sources */,
				2658A3D328D8CF8600366538 /* Frameworks */,
				2658A3D428D8CF8600366538 /* Resources */,
			);
			buildRules = (
			);
			dependencies = (
				2658A3DC28D8CF8600366538 /* PBXTargetDependency */,
			);
			name = CurrencyApplicationTests;
			productName = CurrencyApplicationTests;
			productReference = 2658A3D628D8CF8600366538 /* CurrencyApplicationTests.xctest */;
			productType = "com.apple.product-type.bundle.unit-test";
		};
/* End PBXNativeTarget section */

/* Begin PBXProject section */
		2658A39628D8CD1A00366538 /* Project object */ = {
			isa = PBXProject;
			attributes = {
				LastSwiftUpdateCheck = 1130;
				LastUpgradeCheck = 1130;
				ORGANIZATIONNAME = "Manish Pathak";
				TargetAttributes = {
					2658A39D28D8CD1A00366538 = {
						CreatedOnToolsVersion = 11.3.1;
					};
					2658A3D528D8CF8600366538 = {
						CreatedOnToolsVersion = 11.3.1;
						TestTargetID = 2658A39D28D8CD1A00366538;
					};
				};
			};
			buildConfigurationList = 2658A39928D8CD1A00366538 /* Build configuration list for PBXProject "CurrencyApplication" */;
			compatibilityVersion = "Xcode 9.3";
			developmentRegion = en;
			hasScannedForEncodings = 0;
			knownRegions = (
				en,
				Base,
			);
			mainGroup = 2658A39528D8CD1A00366538;
			productRefGroup = 2658A39F28D8CD1A00366538 /* Products */;
			projectDirPath = "";
			projectRoot = "";
			targets = (
				2658A39D28D8CD1A00366538 /* CurrencyApplication */,
				2658A3D528D8CF8600366538 /* CurrencyApplicationTests */,
			);
		};
/* End PBXProject section */

/* Begin PBXResourcesBuildPhase section */
		2658A39C28D8CD1A00366538 /* Resources */ = {
			isa = PBXResourcesBuildPhase;
			buildActionMask = 2147483647;
			files = (
				26D10C5128DAF83F0012C9C7 /* HistoryCell.xib in Resources */,
				26E85CB728DA4080000138C8 /* CurrencyCell.xib in Resources */,
				2658A3AE28D8CD1C00366538 /* LaunchScreen.storyboard in Resources */,
				2658A3AB28D8CD1C00366538 /* Assets.xcassets in Resources */,
				2658A3A928D8CD1A00366538 /* Main.storyboard in Resources */,
			);
			runOnlyForDeploymentPostprocessing = 0;
		};
		2658A3D428D8CF8600366538 /* Resources */ = {
			isa = PBXResourcesBuildPhase;
			buildActionMask = 2147483647;
			files = (
			);
			runOnlyForDeploymentPostprocessing = 0;
		};
/* End PBXResourcesBuildPhase section */

/* Begin PBXShellScriptBuildPhase section */
		75926688CF4F3852ED154066 /* [CP] Check Pods Manifest.lock */ = {
			isa = PBXShellScriptBuildPhase;
			buildActionMask = 2147483647;
			files = (
			);
			inputFileListPaths = (
			);
			inputPaths = (
				"${PODS_PODFILE_DIR_PATH}/Podfile.lock",
				"${PODS_ROOT}/Manifest.lock",
			);
			name = "[CP] Check Pods Manifest.lock";
			outputFileListPaths = (
			);
			outputPaths = (
				"$(DERIVED_FILE_DIR)/Pods-CurrencyApplicationTests-checkManifestLockResult.txt",
			);
			runOnlyForDeploymentPostprocessing = 0;
			shellPath = /bin/sh;
			shellScript = "diff \"${PODS_PODFILE_DIR_PATH}/Podfile.lock\" \"${PODS_ROOT}/Manifest.lock\" > /dev/null\nif [ $? != 0 ] ; then\n    # print error to STDERR\n    echo \"error: The sandbox is not in sync with the Podfile.lock. Run 'pod install' or update your CocoaPods installation.\" >&2\n    exit 1\nfi\n# This output is used by Xcode 'outputs' to avoid re-running this script phase.\necho \"SUCCESS\" > \"${SCRIPT_OUTPUT_FILE_0}\"\n";
			showEnvVarsInLog = 0;
		};
		D606EAB17ED4B2C6651407D7 /* [CP] Check Pods Manifest.lock */ = {
			isa = PBXShellScriptBuildPhase;
			buildActionMask = 2147483647;
			files = (
			);
			inputFileListPaths = (
			);
			inputPaths = (
				"${PODS_PODFILE_DIR_PATH}/Podfile.lock",
				"${PODS_ROOT}/Manifest.lock",
			);
			name = "[CP] Check Pods Manifest.lock";
			outputFileListPaths = (
			);
			outputPaths = (
				"$(DERIVED_FILE_DIR)/Pods-CurrencyApplication-checkManifestLockResult.txt",
			);
			runOnlyForDeploymentPostprocessing = 0;
			shellPath = /bin/sh;
			shellScript = "diff \"${PODS_PODFILE_DIR_PATH}/Podfile.lock\" \"${PODS_ROOT}/Manifest.lock\" > /dev/null\nif [ $? != 0 ] ; then\n    # print error to STDERR\n    echo \"error: The sandbox is not in sync with the Podfile.lock. Run 'pod install' or update your CocoaPods installation.\" >&2\n    exit 1\nfi\n# This output is used by Xcode 'outputs' to avoid re-running this script phase.\necho \"SUCCESS\" > \"${SCRIPT_OUTPUT_FILE_0}\"\n";
			showEnvVarsInLog = 0;
		};
		F000ABA39E211B54F9DB2E79 /* [CP] Embed Pods Frameworks */ = {
			isa = PBXShellScriptBuildPhase;
			buildActionMask = 2147483647;
			files = (
			);
			inputFileListPaths = (
				"${PODS_ROOT}/Target Support Files/Pods-CurrencyApplication/Pods-CurrencyApplication-frameworks-${CONFIGURATION}-input-files.xcfilelist",
			);
			name = "[CP] Embed Pods Frameworks";
			outputFileListPaths = (
				"${PODS_ROOT}/Target Support Files/Pods-CurrencyApplication/Pods-CurrencyApplication-frameworks-${CONFIGURATION}-output-files.xcfilelist",
			);
			runOnlyForDeploymentPostprocessing = 0;
			shellPath = /bin/sh;
			shellScript = "\"${PODS_ROOT}/Target Support Files/Pods-CurrencyApplication/Pods-CurrencyApplication-frameworks.sh\"\n";
			showEnvVarsInLog = 0;
		};
/* End PBXShellScriptBuildPhase section */

/* Begin PBXSourcesBuildPhase section */
		2658A39A28D8CD1A00366538 /* Sources */ = {
			isa = PBXSourcesBuildPhase;
			buildActionMask = 2147483647;
			files = (
				2658A56128D9AC1C00366538 /* NetworkLogger.swift in Sources */,
				2658A58728D9CABF00366538 /* ParseManager.swift in Sources */,
				2658A55F28D9AB6300366538 /* HTTPTask.swift in Sources */,
				26B9619928DA562C00490829 /* UITextField.swift in Sources */,
				26D10C4F28DAF8350012C9C7 /* HistoryCell.swift in Sources */,
				2658A58528D9CAB200366538 /* DataHandler.swift in Sources */,
				2658A56D28D9B38E00366538 /* CurrencyEndpoint.swift in Sources */,
				2658A55728D9A7B900366538 /* JSONEncoder.swift in Sources */,
				2658A58C28D9CCAE00366538 /* ExchangeRatesModel.swift in Sources */,
				26E85CB928DA4B74000138C8 /* UITableView.swift in Sources */,
				2658A58A28D9CC3700366538 /* CurrencyDataSource.swift in Sources */,
				2658A57928D9BA5400366538 /* CurrencyButton.swift in Sources */,
				2658A59E28DA3D8600366538 /* CurrencyPickerViewController.swift in Sources */,
				26D10C5328DAFB030012C9C7 /* CurrencyCache.swift in Sources */,
				2658A57B28D9C26D00366538 /* BaseViewModel.swift in Sources */,
				2658A59028D9CD3800366538 /* Router.swift in Sources */,
				2658A55528D9A79E00366538 /* HTTPParameterEncoding.swift in Sources */,
				2658A56F28D9B39A00366538 /* RequestConfig.swift in Sources */,
				2658A59228D9D02A00366538 /* Double.swift in Sources */,
				2658A55D28D9AAFF00366538 /* EndpointProtocol.swift in Sources */,
				2658A57D28D9C27D00366538 /* BaseModel.swift in Sources */,
				2658A56328D9AC7B00366538 /* NetworkErrors.swift in Sources */,
				26E85CB528DA4057000138C8 /* CurrencyCell.swift in Sources */,
				2658A55B28D9A7D800366538 /* EncoderProtocol.swift in Sources */,
				2658A57728D9B79600366538 /* CurrencyViewController.swift in Sources */,
				2658A54B28D9A45100366538 /* ReachabilityProtocol.swift in Sources */,
				2658A59B28D9D69E00366538 /* NSObject.swift in Sources */,
				2658A3A228D8CD1A00366538 /* AppDelegate.swift in Sources */,
				26D10C4D28DAF6970012C9C7 /* HistoryViewModel.swift in Sources */,
				2658A59928D9D65400366538 /* UIViewController.swift in Sources */,
				2658A54D28D9A45F00366538 /* Reachability.swift in Sources */,
				2658A3A428D8CD1A00366538 /* SceneDelegate.swift in Sources */,
				2658A55928D9A7C800366538 /* URLEncoder.swift in Sources */,
				2658A59528D9D52000366538 /* NavigationRouter.swift in Sources */,
				2658A54F28D9A46800366538 /* NetworkReachability.swift in Sources */,
				26D10C4B28DAF6890012C9C7 /* HistoryViewController.swift in Sources */,
				26D10C5528DAFC0A0012C9C7 /* Date.swift in Sources */,
				2658A59728D9D5D300366538 /* UIStoryboard.swift in Sources */,
				2658A57128D9B43E00366538 /* URL.swift in Sources */,
				2658A55128D9A61000366538 /* HTTPMethod.swift in Sources */,
				2658A55328D9A64800366538 /* HTTPStatus.swift in Sources */,
				2658A58328D9CA9900366538 /* NetworkManager.swift in Sources */,
				2658A56928D9B1C600366538 /* Utils.swift in Sources */,
				2658A58128D9C84800366538 /* CurrencyViewModel.swift in Sources */,
				2658A5A128DA3DC600366538 /* CurrencyPickerViewModel.swift in Sources */,
				2658A58E28D9CCD700366538 /* RateModel.swift in Sources */,
			);
			runOnlyForDeploymentPostprocessing = 0;
		};
		2658A3D228D8CF8600366538 /* Sources */ = {
			isa = PBXSourcesBuildPhase;
			buildActionMask = 2147483647;
			files = (
				2658A3D928D8CF8600366538 /* CurrencyApplicationTests.swift in Sources */,
				2628BCCE28DBA877001FA0F6 /* HistoryViewModelTests.swift in Sources */,
				2628BCCC28DBA7AB001FA0F6 /* CurrencyPickerViewModelTests.swift in Sources */,
				2628BCC828DB994B001FA0F6 /* CurrencyDataSourceTest.swift in Sources */,
				2628BCCA28DB9AA2001FA0F6 /* CurrencyViewModelTests.swift in Sources */,
			);
			runOnlyForDeploymentPostprocessing = 0;
		};
/* End PBXSourcesBuildPhase section */

/* Begin PBXTargetDependency section */
		2658A3DC28D8CF8600366538 /* PBXTargetDependency */ = {
			isa = PBXTargetDependency;
			target = 2658A39D28D8CD1A00366538 /* CurrencyApplication */;
			targetProxy = 2658A3DB28D8CF8600366538 /* PBXContainerItemProxy */;
		};
/* End PBXTargetDependency section */

/* Begin PBXVariantGroup section */
		2658A3A728D8CD1A00366538 /* Main.storyboard */ = {
			isa = PBXVariantGroup;
			children = (
				2658A3A828D8CD1A00366538 /* Base */,
			);
			name = Main.storyboard;
			sourceTree = "<group>";
		};
		2658A3AC28D8CD1C00366538 /* LaunchScreen.storyboard */ = {
			isa = PBXVariantGroup;
			children = (
				2658A3AD28D8CD1C00366538 /* Base */,
			);
			name = LaunchScreen.storyboard;
			sourceTree = "<group>";
		};
/* End PBXVariantGroup section */

/* Begin XCBuildConfiguration section */
		2658A3C628D8CD1C00366538 /* Debug */ = {
			isa = XCBuildConfiguration;
			buildSettings = {
				ALWAYS_SEARCH_USER_PATHS = NO;
				CLANG_ANALYZER_NONNULL = YES;
				CLANG_ANALYZER_NUMBER_OBJECT_CONVERSION = YES_AGGRESSIVE;
				CLANG_CXX_LANGUAGE_STANDARD = "gnu++14";
				CLANG_CXX_LIBRARY = "libc++";
				CLANG_ENABLE_MODULES = YES;
				CLANG_ENABLE_OBJC_ARC = YES;
				CLANG_ENABLE_OBJC_WEAK = YES;
				CLANG_WARN_BLOCK_CAPTURE_AUTORELEASING = YES;
				CLANG_WARN_BOOL_CONVERSION = YES;
				CLANG_WARN_COMMA = YES;
				CLANG_WARN_CONSTANT_CONVERSION = YES;
				CLANG_WARN_DEPRECATED_OBJC_IMPLEMENTATIONS = YES;
				CLANG_WARN_DIRECT_OBJC_ISA_USAGE = YES_ERROR;
				CLANG_WARN_DOCUMENTATION_COMMENTS = YES;
				CLANG_WARN_EMPTY_BODY = YES;
				CLANG_WARN_ENUM_CONVERSION = YES;
				CLANG_WARN_INFINITE_RECURSION = YES;
				CLANG_WARN_INT_CONVERSION = YES;
				CLANG_WARN_NON_LITERAL_NULL_CONVERSION = YES;
				CLANG_WARN_OBJC_IMPLICIT_RETAIN_SELF = YES;
				CLANG_WARN_OBJC_LITERAL_CONVERSION = YES;
				CLANG_WARN_OBJC_ROOT_CLASS = YES_ERROR;
				CLANG_WARN_RANGE_LOOP_ANALYSIS = YES;
				CLANG_WARN_STRICT_PROTOTYPES = YES;
				CLANG_WARN_SUSPICIOUS_MOVE = YES;
				CLANG_WARN_UNGUARDED_AVAILABILITY = YES_AGGRESSIVE;
				CLANG_WARN_UNREACHABLE_CODE = YES;
				CLANG_WARN__DUPLICATE_METHOD_MATCH = YES;
				COPY_PHASE_STRIP = NO;
				DEBUG_INFORMATION_FORMAT = dwarf;
				ENABLE_STRICT_OBJC_MSGSEND = YES;
				ENABLE_TESTABILITY = YES;
				GCC_C_LANGUAGE_STANDARD = gnu11;
				GCC_DYNAMIC_NO_PIC = NO;
				GCC_NO_COMMON_BLOCKS = YES;
				GCC_OPTIMIZATION_LEVEL = 0;
				GCC_PREPROCESSOR_DEFINITIONS = (
					"DEBUG=1",
					"$(inherited)",
				);
				GCC_WARN_64_TO_32_BIT_CONVERSION = YES;
				GCC_WARN_ABOUT_RETURN_TYPE = YES_ERROR;
				GCC_WARN_UNDECLARED_SELECTOR = YES;
				GCC_WARN_UNINITIALIZED_AUTOS = YES_AGGRESSIVE;
				GCC_WARN_UNUSED_FUNCTION = YES;
				GCC_WARN_UNUSED_VARIABLE = YES;
				IPHONEOS_DEPLOYMENT_TARGET = 13.2;
				MTL_ENABLE_DEBUG_INFO = INCLUDE_SOURCE;
				MTL_FAST_MATH = YES;
				ONLY_ACTIVE_ARCH = YES;
				SDKROOT = iphoneos;
				SWIFT_ACTIVE_COMPILATION_CONDITIONS = DEBUG;
				SWIFT_OPTIMIZATION_LEVEL = "-Onone";
			};
			name = Debug;
		};
		2658A3C728D8CD1C00366538 /* Release */ = {
			isa = XCBuildConfiguration;
			buildSettings = {
				ALWAYS_SEARCH_USER_PATHS = NO;
				CLANG_ANALYZER_NONNULL = YES;
				CLANG_ANALYZER_NUMBER_OBJECT_CONVERSION = YES_AGGRESSIVE;
				CLANG_CXX_LANGUAGE_STANDARD = "gnu++14";
				CLANG_CXX_LIBRARY = "libc++";
				CLANG_ENABLE_MODULES = YES;
				CLANG_ENABLE_OBJC_ARC = YES;
				CLANG_ENABLE_OBJC_WEAK = YES;
				CLANG_WARN_BLOCK_CAPTURE_AUTORELEASING = YES;
				CLANG_WARN_BOOL_CONVERSION = YES;
				CLANG_WARN_COMMA = YES;
				CLANG_WARN_CONSTANT_CONVERSION = YES;
				CLANG_WARN_DEPRECATED_OBJC_IMPLEMENTATIONS = YES;
				CLANG_WARN_DIRECT_OBJC_ISA_USAGE = YES_ERROR;
				CLANG_WARN_DOCUMENTATION_COMMENTS = YES;
				CLANG_WARN_EMPTY_BODY = YES;
				CLANG_WARN_ENUM_CONVERSION = YES;
				CLANG_WARN_INFINITE_RECURSION = YES;
				CLANG_WARN_INT_CONVERSION = YES;
				CLANG_WARN_NON_LITERAL_NULL_CONVERSION = YES;
				CLANG_WARN_OBJC_IMPLICIT_RETAIN_SELF = YES;
				CLANG_WARN_OBJC_LITERAL_CONVERSION = YES;
				CLANG_WARN_OBJC_ROOT_CLASS = YES_ERROR;
				CLANG_WARN_RANGE_LOOP_ANALYSIS = YES;
				CLANG_WARN_STRICT_PROTOTYPES = YES;
				CLANG_WARN_SUSPICIOUS_MOVE = YES;
				CLANG_WARN_UNGUARDED_AVAILABILITY = YES_AGGRESSIVE;
				CLANG_WARN_UNREACHABLE_CODE = YES;
				CLANG_WARN__DUPLICATE_METHOD_MATCH = YES;
				COPY_PHASE_STRIP = NO;
				DEBUG_INFORMATION_FORMAT = "dwarf-with-dsym";
				ENABLE_NS_ASSERTIONS = NO;
				ENABLE_STRICT_OBJC_MSGSEND = YES;
				GCC_C_LANGUAGE_STANDARD = gnu11;
				GCC_NO_COMMON_BLOCKS = YES;
				GCC_WARN_64_TO_32_BIT_CONVERSION = YES;
				GCC_WARN_ABOUT_RETURN_TYPE = YES_ERROR;
				GCC_WARN_UNDECLARED_SELECTOR = YES;
				GCC_WARN_UNINITIALIZED_AUTOS = YES_AGGRESSIVE;
				GCC_WARN_UNUSED_FUNCTION = YES;
				GCC_WARN_UNUSED_VARIABLE = YES;
				IPHONEOS_DEPLOYMENT_TARGET = 13.2;
				MTL_ENABLE_DEBUG_INFO = NO;
				MTL_FAST_MATH = YES;
				SDKROOT = iphoneos;
				SWIFT_COMPILATION_MODE = wholemodule;
				SWIFT_OPTIMIZATION_LEVEL = "-O";
				VALIDATE_PRODUCT = YES;
			};
			name = Release;
		};
		2658A3C928D8CD1C00366538 /* Debug */ = {
			isa = XCBuildConfiguration;
			baseConfigurationReference = 281F77C3BC91EF517EEAEEFB /* Pods-CurrencyApplication.debug.xcconfig */;
			buildSettings = {
				ACCESS_KEY = 2d2260fc2fc2ebdf9f63c14259ca9cf6;
				ASSETCATALOG_COMPILER_APPICON_NAME = AppIcon;
				CODE_SIGN_STYLE = Automatic;
				DEVELOPMENT_TEAM = 5XF22H3TY5;
				INFOPLIST_FILE = CurrencyApplication/Info.plist;
				LD_RUNPATH_SEARCH_PATHS = (
					"$(inherited)",
					"@executable_path/Frameworks",
				);
				PRODUCT_BUNDLE_IDENTIFIER = com.currency.CurrencyApplication;
				PRODUCT_NAME = "$(TARGET_NAME)";
				SWIFT_VERSION = 5.0;
				TARGETED_DEVICE_FAMILY = "1,2";
			};
			name = Debug;
		};
		2658A3CA28D8CD1C00366538 /* Release */ = {
			isa = XCBuildConfiguration;
			baseConfigurationReference = 37CDFE795CC5A691F548A1E7 /* Pods-CurrencyApplication.release.xcconfig */;
			buildSettings = {
				ACCESS_KEY = 2d2260fc2fc2ebdf9f63c14259ca9cf6;
				ASSETCATALOG_COMPILER_APPICON_NAME = AppIcon;
				CODE_SIGN_STYLE = Automatic;
				DEVELOPMENT_TEAM = 5XF22H3TY5;
				INFOPLIST_FILE = CurrencyApplication/Info.plist;
				LD_RUNPATH_SEARCH_PATHS = (
					"$(inherited)",
					"@executable_path/Frameworks",
				);
				PRODUCT_BUNDLE_IDENTIFIER = com.currency.CurrencyApplication;
				PRODUCT_NAME = "$(TARGET_NAME)";
				SWIFT_VERSION = 5.0;
				TARGETED_DEVICE_FAMILY = "1,2";
			};
			name = Release;
		};
		2658A3DE28D8CF8600366538 /* Debug */ = {
			isa = XCBuildConfiguration;
			baseConfigurationReference = 770B336AD0F4399FCFEF4907 /* Pods-CurrencyApplicationTests.debug.xcconfig */;
			buildSettings = {
				BUNDLE_LOADER = "$(TEST_HOST)";
				CODE_SIGN_STYLE = Automatic;
				DEVELOPMENT_TEAM = 5XF22H3TY5;
				INFOPLIST_FILE = CurrencyApplicationTests/Info.plist;
				LD_RUNPATH_SEARCH_PATHS = (
					"$(inherited)",
					"@executable_path/Frameworks",
					"@loader_path/Frameworks",
				);
				PRODUCT_BUNDLE_IDENTIFIER = com.currency.CurrencyApplicationTests;
				PRODUCT_NAME = "$(TARGET_NAME)";
				SWIFT_VERSION = 5.0;
				TARGETED_DEVICE_FAMILY = "1,2";
				TEST_HOST = "$(BUILT_PRODUCTS_DIR)/CurrencyApplication.app/CurrencyApplication";
			};
			name = Debug;
		};
		2658A3DF28D8CF8600366538 /* Release */ = {
			isa = XCBuildConfiguration;
			baseConfigurationReference = EA4510ED6685A57FB5356A35 /* Pods-CurrencyApplicationTests.release.xcconfig */;
			buildSettings = {
				BUNDLE_LOADER = "$(TEST_HOST)";
				CODE_SIGN_STYLE = Automatic;
				DEVELOPMENT_TEAM = 5XF22H3TY5;
				INFOPLIST_FILE = CurrencyApplicationTests/Info.plist;
				LD_RUNPATH_SEARCH_PATHS = (
					"$(inherited)",
					"@executable_path/Frameworks",
					"@loader_path/Frameworks",
				);
				PRODUCT_BUNDLE_IDENTIFIER = com.currency.CurrencyApplicationTests;
				PRODUCT_NAME = "$(TARGET_NAME)";
				SWIFT_VERSION = 5.0;
				TARGETED_DEVICE_FAMILY = "1,2";
				TEST_HOST = "$(BUILT_PRODUCTS_DIR)/CurrencyApplication.app/CurrencyApplication";
			};
			name = Release;
		};
/* End XCBuildConfiguration section */

/* Begin XCConfigurationList section */
		2658A39928D8CD1A00366538 /* Build configuration list for PBXProject "CurrencyApplication" */ = {
			isa = XCConfigurationList;
			buildConfigurations = (
				2658A3C628D8CD1C00366538 /* Debug */,
				2658A3C728D8CD1C00366538 /* Release */,
			);
			defaultConfigurationIsVisible = 0;
			defaultConfigurationName = Release;
		};
		2658A3C828D8CD1C00366538 /* Build configuration list for PBXNativeTarget "CurrencyApplication" */ = {
			isa = XCConfigurationList;
			buildConfigurations = (
				2658A3C928D8CD1C00366538 /* Debug */,
				2658A3CA28D8CD1C00366538 /* Release */,
			);
			defaultConfigurationIsVisible = 0;
			defaultConfigurationName = Release;
		};
		2658A3DD28D8CF8600366538 /* Build configuration list for PBXNativeTarget "CurrencyApplicationTests" */ = {
			isa = XCConfigurationList;
			buildConfigurations = (
				2658A3DE28D8CF8600366538 /* Debug */,
				2658A3DF28D8CF8600366538 /* Release */,
			);
			defaultConfigurationIsVisible = 0;
			defaultConfigurationName = Release;
		};
/* End XCConfigurationList section */
	};
	rootObject = 2658A39628D8CD1A00366538 /* Project object */;
}
